
Microsoft Visual Studio Solution File, Format Version 12.00
# Visual Studio 15
VisualStudioVersion = 15.0.26730.16
MinimumVisualStudioVersion = 10.0.40219.1
Project("{9A19103F-16F7-4668-BE54-9A1E7A4F7556}") = "DotNetCore2.0_Web_Blank", "DotNetCore2.0_Web\DotNetCore2.0_Web_Blank.csproj", "{208F6770-F44C-45D6-9122-CF6C18221F0E}"
EndProject
Project("{9A19103F-16F7-4668-BE54-9A1E7A4F7556}") = "DotNetCore2.0_Web_Application_MVC", "DotNetCore2.0_Web_Application_MVC\DotNetCore2.0_Web_Application_MVC.csproj", "{368D85DE-4695-4B34-AC96-2A01E519B465}"
EndProject
Project("{9A19103F-16F7-4668-BE54-9A1E7A4F7556}") = "DotNetCore2.0_Web_WebAPI", "DotNetCore2.0_Web_WebAPI\DotNetCore2.0_Web_WebAPI.csproj", "{9150BD2D-C350-4931-8503-7B330781C929}"
EndProject
Project("{9A19103F-16F7-4668-BE54-9A1E7A4F7556}") = "DotNetCore2.0_Web_Application", "DotNetCore2.0_Web_Application\DotNetCore2.0_Web_Application.csproj", "{F4926B34-87C1-4230-988E-2F07A9671004}"
EndProject
Project("{9A19103F-16F7-4668-BE54-9A1E7A4F7556}") = "DotNetCore2.0_Web_Angular", "DotNetCore2.0_Web_Angular\DotNetCore2.0_Web_Angular.csproj", "{93006242-569B-486F-9601-BE0F715BB3FA}"
EndProject
Project("{9A19103F-16F7-4668-BE54-9A1E7A4F7556}") = "DotNetCore2.0_Web_ReactJS", "DotNetCore2.0_Web_ReactJS\DotNetCore2.0_Web_ReactJS.csproj", "{50503E16-7C0F-4CE5-92C2-9E2A0C3ACE33}"
EndProject
Project("{9A19103F-16F7-4668-BE54-9A1E7A4F7556}") = "DotNetCore2.0_Web_React_Redux", "DotNetCore2.0_Web_React_Redux\DotNetCore2.0_Web_React_Redux.csproj", "{6F811EA1-9642-4A34-A7DF-7A30694DB870}"
EndProject
Project("{262852C6-CD72-467D-83FE-5EEB1973A190}") = "ApacheCordova_App", "ApacheCordova_App\ApacheCordova_App.jsproj", "{CF023E0A-A479-45C2-AFAF-6E8E81008F24}"
EndProject
Project("{FAE04EC0-301F-11D3-BF4B-00C04F79EFBC}") = "Microsoft Graph SDK ASPNET Connect", "Microsoft Graph SDK ASPNET Connect\Microsoft Graph SDK ASPNET Connect\Microsoft Graph SDK ASPNET Connect.csproj", "{26148A63-47CC-4A3E-896D-12992A40A89A}"
EndProject
Project("{FAE04EC0-301F-11D3-BF4B-00C04F79EFBC}") = "UnitTests", "Microsoft Graph SDK ASPNET Connect\UnitTests\UnitTests.csproj", "{BB70C468-5D1E-45BF-AD19-DEFE48C973C6}"
EndProject
Project("{FAE04EC0-301F-11D3-BF4B-00C04F79EFBC}") = "Console_PostSharp_Test", "Console_PostSharp_Test\Console_PostSharp_Test.csproj", "{F2E74FB6-C669-42EE-8F32-2EF076A86C0B}"
EndProject
Project("{9A19103F-16F7-4668-BE54-9A1E7A4F7556}") = "WebCore_Filter_Test_API", "WebCore_Filter_Test_API\WebCore_Filter_Test_API.csproj", "{4A25AF88-3ECE-4471-B305-F1D3D788B21A}"
EndProject
Global
	GlobalSection(SolutionConfigurationPlatforms) = preSolution
		Debug|Android = Debug|Android
		Debug|Any CPU = Debug|Any CPU
		Debug|iOS = Debug|iOS
		Debug|Windows-ARM = Debug|Windows-ARM
		Debug|Windows-x64 = Debug|Windows-x64
		Debug|Windows-x86 = Debug|Windows-x86
		Release|Android = Release|Android
		Release|Any CPU = Release|Any CPU
		Release|iOS = Release|iOS
		Release|Windows-ARM = Release|Windows-ARM
		Release|Windows-x64 = Release|Windows-x64
		Release|Windows-x86 = Release|Windows-x86
	EndGlobalSection
	GlobalSection(ProjectConfigurationPlatforms) = postSolution
		{208F6770-F44C-45D6-9122-CF6C18221F0E}.Debug|Android.ActiveCfg = Debug|Any CPU
		{208F6770-F44C-45D6-9122-CF6C18221F0E}.Debug|Android.Build.0 = Debug|Any CPU
		{208F6770-F44C-45D6-9122-CF6C18221F0E}.Debug|Any CPU.ActiveCfg = Debug|Any CPU
		{208F6770-F44C-45D6-9122-CF6C18221F0E}.Debug|Any CPU.Build.0 = Debug|Any CPU
		{208F6770-F44C-45D6-9122-CF6C18221F0E}.Debug|iOS.ActiveCfg = Debug|Any CPU
		{208F6770-F44C-45D6-9122-CF6C18221F0E}.Debug|iOS.Build.0 = Debug|Any CPU
		{208F6770-F44C-45D6-9122-CF6C18221F0E}.Debug|Windows-ARM.ActiveCfg = Debug|Any CPU
		{208F6770-F44C-45D6-9122-CF6C18221F0E}.Debug|Windows-ARM.Build.0 = Debug|Any CPU
		{208F6770-F44C-45D6-9122-CF6C18221F0E}.Debug|Windows-x64.ActiveCfg = Debug|Any CPU
		{208F6770-F44C-45D6-9122-CF6C18221F0E}.Debug|Windows-x64.Build.0 = Debug|Any CPU
		{208F6770-F44C-45D6-9122-CF6C18221F0E}.Debug|Windows-x86.ActiveCfg = Debug|Any CPU
		{208F6770-F44C-45D6-9122-CF6C18221F0E}.Debug|Windows-x86.Build.0 = Debug|Any CPU
		{208F6770-F44C-45D6-9122-CF6C18221F0E}.Release|Android.ActiveCfg = Release|Any CPU
		{208F6770-F44C-45D6-9122-CF6C18221F0E}.Release|Android.Build.0 = Release|Any CPU
		{208F6770-F44C-45D6-9122-CF6C18221F0E}.Release|Any CPU.ActiveCfg = Release|Any CPU
		{208F6770-F44C-45D6-9122-CF6C18221F0E}.Release|Any CPU.Build.0 = Release|Any CPU
		{208F6770-F44C-45D6-9122-CF6C18221F0E}.Release|iOS.ActiveCfg = Release|Any CPU
		{208F6770-F44C-45D6-9122-CF6C18221F0E}.Release|iOS.Build.0 = Release|Any CPU
		{208F6770-F44C-45D6-9122-CF6C18221F0E}.Release|Windows-ARM.ActiveCfg = Release|Any CPU
		{208F6770-F44C-45D6-9122-CF6C18221F0E}.Release|Windows-ARM.Build.0 = Release|Any CPU
		{208F6770-F44C-45D6-9122-CF6C18221F0E}.Release|Windows-x64.ActiveCfg = Release|Any CPU
		{208F6770-F44C-45D6-9122-CF6C18221F0E}.Release|Windows-x64.Build.0 = Release|Any CPU
		{208F6770-F44C-45D6-9122-CF6C18221F0E}.Release|Windows-x86.ActiveCfg = Release|Any CPU
		{208F6770-F44C-45D6-9122-CF6C18221F0E}.Release|Windows-x86.Build.0 = Release|Any CPU
		{368D85DE-4695-4B34-AC96-2A01E519B465}.Debug|Android.ActiveCfg = Debug|Any CPU
		{368D85DE-4695-4B34-AC96-2A01E519B465}.Debug|Android.Build.0 = Debug|Any CPU
		{368D85DE-4695-4B34-AC96-2A01E519B465}.Debug|Any CPU.ActiveCfg = Debug|Any CPU
		{368D85DE-4695-4B34-AC96-2A01E519B465}.Debug|Any CPU.Build.0 = Debug|Any CPU
		{368D85DE-4695-4B34-AC96-2A01E519B465}.Debug|iOS.ActiveCfg = Debug|Any CPU
		{368D85DE-4695-4B34-AC96-2A01E519B465}.Debug|iOS.Build.0 = Debug|Any CPU
		{368D85DE-4695-4B34-AC96-2A01E519B465}.Debug|Windows-ARM.ActiveCfg = Debug|Any CPU
		{368D85DE-4695-4B34-AC96-2A01E519B465}.Debug|Windows-ARM.Build.0 = Debug|Any CPU
		{368D85DE-4695-4B34-AC96-2A01E519B465}.Debug|Windows-x64.ActiveCfg = Debug|Any CPU
		{368D85DE-4695-4B34-AC96-2A01E519B465}.Debug|Windows-x64.Build.0 = Debug|Any CPU
		{368D85DE-4695-4B34-AC96-2A01E519B465}.Debug|Windows-x86.ActiveCfg = Debug|Any CPU
		{368D85DE-4695-4B34-AC96-2A01E519B465}.Debug|Windows-x86.Build.0 = Debug|Any CPU
		{368D85DE-4695-4B34-AC96-2A01E519B465}.Release|Android.ActiveCfg = Release|Any CPU
		{368D85DE-4695-4B34-AC96-2A01E519B465}.Release|Android.Build.0 = Release|Any CPU
		{368D85DE-4695-4B34-AC96-2A01E519B465}.Release|Any CPU.ActiveCfg = Release|Any CPU
		{368D85DE-4695-4B34-AC96-2A01E519B465}.Release|Any CPU.Build.0 = Release|Any CPU
		{368D85DE-4695-4B34-AC96-2A01E519B465}.Release|iOS.ActiveCfg = Release|Any CPU
		{368D85DE-4695-4B34-AC96-2A01E519B465}.Release|iOS.Build.0 = Release|Any CPU
		{368D85DE-4695-4B34-AC96-2A01E519B465}.Release|Windows-ARM.ActiveCfg = Release|Any CPU
		{368D85DE-4695-4B34-AC96-2A01E519B465}.Release|Windows-ARM.Build.0 = Release|Any CPU
		{368D85DE-4695-4B34-AC96-2A01E519B465}.Release|Windows-x64.ActiveCfg = Release|Any CPU
		{368D85DE-4695-4B34-AC96-2A01E519B465}.Release|Windows-x64.Build.0 = Release|Any CPU
		{368D85DE-4695-4B34-AC96-2A01E519B465}.Release|Windows-x86.ActiveCfg = Release|Any CPU
		{368D85DE-4695-4B34-AC96-2A01E519B465}.Release|Windows-x86.Build.0 = Release|Any CPU
		{9150BD2D-C350-4931-8503-7B330781C929}.Debug|Android.ActiveCfg = Debug|Any CPU
		{9150BD2D-C350-4931-8503-7B330781C929}.Debug|Android.Build.0 = Debug|Any CPU
		{9150BD2D-C350-4931-8503-7B330781C929}.Debug|Any CPU.ActiveCfg = Debug|Any CPU
		{9150BD2D-C350-4931-8503-7B330781C929}.Debug|Any CPU.Build.0 = Debug|Any CPU
		{9150BD2D-C350-4931-8503-7B330781C929}.Debug|iOS.ActiveCfg = Debug|Any CPU
		{9150BD2D-C350-4931-8503-7B330781C929}.Debug|iOS.Build.0 = Debug|Any CPU
		{9150BD2D-C350-4931-8503-7B330781C929}.Debug|Windows-ARM.ActiveCfg = Debug|Any CPU
		{9150BD2D-C350-4931-8503-7B330781C929}.Debug|Windows-ARM.Build.0 = Debug|Any CPU
		{9150BD2D-C350-4931-8503-7B330781C929}.Debug|Windows-x64.ActiveCfg = Debug|Any CPU
		{9150BD2D-C350-4931-8503-7B330781C929}.Debug|Windows-x64.Build.0 = Debug|Any CPU
		{9150BD2D-C350-4931-8503-7B330781C929}.Debug|Windows-x86.ActiveCfg = Debug|Any CPU
		{9150BD2D-C350-4931-8503-7B330781C929}.Debug|Windows-x86.Build.0 = Debug|Any CPU
		{9150BD2D-C350-4931-8503-7B330781C929}.Release|Android.ActiveCfg = Release|Any CPU
		{9150BD2D-C350-4931-8503-7B330781C929}.Release|Android.Build.0 = Release|Any CPU
		{9150BD2D-C350-4931-8503-7B330781C929}.Release|Any CPU.ActiveCfg = Release|Any CPU
		{9150BD2D-C350-4931-8503-7B330781C929}.Release|Any CPU.Build.0 = Release|Any CPU
		{9150BD2D-C350-4931-8503-7B330781C929}.Release|iOS.ActiveCfg = Release|Any CPU
		{9150BD2D-C350-4931-8503-7B330781C929}.Release|iOS.Build.0 = Release|Any CPU
		{9150BD2D-C350-4931-8503-7B330781C929}.Release|Windows-ARM.ActiveCfg = Release|Any CPU
		{9150BD2D-C350-4931-8503-7B330781C929}.Release|Windows-ARM.Build.0 = Release|Any CPU
		{9150BD2D-C350-4931-8503-7B330781C929}.Release|Windows-x64.ActiveCfg = Release|Any CPU
		{9150BD2D-C350-4931-8503-7B330781C929}.Release|Windows-x64.Build.0 = Release|Any CPU
		{9150BD2D-C350-4931-8503-7B330781C929}.Release|Windows-x86.ActiveCfg = Release|Any CPU
		{9150BD2D-C350-4931-8503-7B330781C929}.Release|Windows-x86.Build.0 = Release|Any CPU
		{F4926B34-87C1-4230-988E-2F07A9671004}.Debug|Android.ActiveCfg = Debug|Any CPU
		{F4926B34-87C1-4230-988E-2F07A9671004}.Debug|Android.Build.0 = Debug|Any CPU
		{F4926B34-87C1-4230-988E-2F07A9671004}.Debug|Any CPU.ActiveCfg = Debug|Any CPU
		{F4926B34-87C1-4230-988E-2F07A9671004}.Debug|Any CPU.Build.0 = Debug|Any CPU
		{F4926B34-87C1-4230-988E-2F07A9671004}.Debug|iOS.ActiveCfg = Debug|Any CPU
		{F4926B34-87C1-4230-988E-2F07A9671004}.Debug|iOS.Build.0 = Debug|Any CPU
		{F4926B34-87C1-4230-988E-2F07A9671004}.Debug|Windows-ARM.ActiveCfg = Debug|Any CPU
		{F4926B34-87C1-4230-988E-2F07A9671004}.Debug|Windows-ARM.Build.0 = Debug|Any CPU
		{F4926B34-87C1-4230-988E-2F07A9671004}.Debug|Windows-x64.ActiveCfg = Debug|Any CPU
		{F4926B34-87C1-4230-988E-2F07A9671004}.Debug|Windows-x64.Build.0 = Debug|Any CPU
		{F4926B34-87C1-4230-988E-2F07A9671004}.Debug|Windows-x86.ActiveCfg = Debug|Any CPU
		{F4926B34-87C1-4230-988E-2F07A9671004}.Debug|Windows-x86.Build.0 = Debug|Any CPU
		{F4926B34-87C1-4230-988E-2F07A9671004}.Release|Android.ActiveCfg = Release|Any CPU
		{F4926B34-87C1-4230-988E-2F07A9671004}.Release|Android.Build.0 = Release|Any CPU
		{F4926B34-87C1-4230-988E-2F07A9671004}.Release|Any CPU.ActiveCfg = Release|Any CPU
		{F4926B34-87C1-4230-988E-2F07A9671004}.Release|Any CPU.Build.0 = Release|Any CPU
		{F4926B34-87C1-4230-988E-2F07A9671004}.Release|iOS.ActiveCfg = Release|Any CPU
		{F4926B34-87C1-4230-988E-2F07A9671004}.Release|iOS.Build.0 = Release|Any CPU
		{F4926B34-87C1-4230-988E-2F07A9671004}.Release|Windows-ARM.ActiveCfg = Release|Any CPU
		{F4926B34-87C1-4230-988E-2F07A9671004}.Release|Windows-ARM.Build.0 = Release|Any CPU
		{F4926B34-87C1-4230-988E-2F07A9671004}.Release|Windows-x64.ActiveCfg = Release|Any CPU
		{F4926B34-87C1-4230-988E-2F07A9671004}.Release|Windows-x64.Build.0 = Release|Any CPU
		{F4926B34-87C1-4230-988E-2F07A9671004}.Release|Windows-x86.ActiveCfg = Release|Any CPU
		{F4926B34-87C1-4230-988E-2F07A9671004}.Release|Windows-x86.Build.0 = Release|Any CPU
		{93006242-569B-486F-9601-BE0F715BB3FA}.Debug|Android.ActiveCfg = Debug|Any CPU
		{93006242-569B-486F-9601-BE0F715BB3FA}.Debug|Android.Build.0 = Debug|Any CPU
		{93006242-569B-486F-9601-BE0F715BB3FA}.Debug|Any CPU.ActiveCfg = Debug|Any CPU
		{93006242-569B-486F-9601-BE0F715BB3FA}.Debug|Any CPU.Build.0 = Debug|Any CPU
		{93006242-569B-486F-9601-BE0F715BB3FA}.Debug|iOS.ActiveCfg = Debug|Any CPU
		{93006242-569B-486F-9601-BE0F715BB3FA}.Debug|iOS.Build.0 = Debug|Any CPU
		{93006242-569B-486F-9601-BE0F715BB3FA}.Debug|Windows-ARM.ActiveCfg = Debug|Any CPU
		{93006242-569B-486F-9601-BE0F715BB3FA}.Debug|Windows-ARM.Build.0 = Debug|Any CPU
		{93006242-569B-486F-9601-BE0F715BB3FA}.Debug|Windows-x64.ActiveCfg = Debug|Any CPU
		{93006242-569B-486F-9601-BE0F715BB3FA}.Debug|Windows-x64.Build.0 = Debug|Any CPU
		{93006242-569B-486F-9601-BE0F715BB3FA}.Debug|Windows-x86.ActiveCfg = Debug|Any CPU
		{93006242-569B-486F-9601-BE0F715BB3FA}.Debug|Windows-x86.Build.0 = Debug|Any CPU
		{93006242-569B-486F-9601-BE0F715BB3FA}.Release|Android.ActiveCfg = Release|Any CPU
		{93006242-569B-486F-9601-BE0F715BB3FA}.Release|Android.Build.0 = Release|Any CPU
		{93006242-569B-486F-9601-BE0F715BB3FA}.Release|Any CPU.ActiveCfg = Release|Any CPU
		{93006242-569B-486F-9601-BE0F715BB3FA}.Release|Any CPU.Build.0 = Release|Any CPU
		{93006242-569B-486F-9601-BE0F715BB3FA}.Release|iOS.ActiveCfg = Release|Any CPU
		{93006242-569B-486F-9601-BE0F715BB3FA}.Release|iOS.Build.0 = Release|Any CPU
		{93006242-569B-486F-9601-BE0F715BB3FA}.Release|Windows-ARM.ActiveCfg = Release|Any CPU
		{93006242-569B-486F-9601-BE0F715BB3FA}.Release|Windows-ARM.Build.0 = Release|Any CPU
		{93006242-569B-486F-9601-BE0F715BB3FA}.Release|Windows-x64.ActiveCfg = Release|Any CPU
		{93006242-569B-486F-9601-BE0F715BB3FA}.Release|Windows-x64.Build.0 = Release|Any CPU
		{93006242-569B-486F-9601-BE0F715BB3FA}.Release|Windows-x86.ActiveCfg = Release|Any CPU
		{93006242-569B-486F-9601-BE0F715BB3FA}.Release|Windows-x86.Build.0 = Release|Any CPU
		{50503E16-7C0F-4CE5-92C2-9E2A0C3ACE33}.Debug|Android.ActiveCfg = Debug|Any CPU
		{50503E16-7C0F-4CE5-92C2-9E2A0C3ACE33}.Debug|Android.Build.0 = Debug|Any CPU
		{50503E16-7C0F-4CE5-92C2-9E2A0C3ACE33}.Debug|Any CPU.ActiveCfg = Debug|Any CPU
		{50503E16-7C0F-4CE5-92C2-9E2A0C3ACE33}.Debug|Any CPU.Build.0 = Debug|Any CPU
		{50503E16-7C0F-4CE5-92C2-9E2A0C3ACE33}.Debug|iOS.ActiveCfg = Debug|Any CPU
		{50503E16-7C0F-4CE5-92C2-9E2A0C3ACE33}.Debug|iOS.Build.0 = Debug|Any CPU
		{50503E16-7C0F-4CE5-92C2-9E2A0C3ACE33}.Debug|Windows-ARM.ActiveCfg = Debug|Any CPU
		{50503E16-7C0F-4CE5-92C2-9E2A0C3ACE33}.Debug|Windows-ARM.Build.0 = Debug|Any CPU
		{50503E16-7C0F-4CE5-92C2-9E2A0C3ACE33}.Debug|Windows-x64.ActiveCfg = Debug|Any CPU
		{50503E16-7C0F-4CE5-92C2-9E2A0C3ACE33}.Debug|Windows-x64.Build.0 = Debug|Any CPU
		{50503E16-7C0F-4CE5-92C2-9E2A0C3ACE33}.Debug|Windows-x86.ActiveCfg = Debug|Any CPU
		{50503E16-7C0F-4CE5-92C2-9E2A0C3ACE33}.Debug|Windows-x86.Build.0 = Debug|Any CPU
		{50503E16-7C0F-4CE5-92C2-9E2A0C3ACE33}.Release|Android.ActiveCfg = Release|Any CPU
		{50503E16-7C0F-4CE5-92C2-9E2A0C3ACE33}.Release|Android.Build.0 = Release|Any CPU
		{50503E16-7C0F-4CE5-92C2-9E2A0C3ACE33}.Release|Any CPU.ActiveCfg = Release|Any CPU
		{50503E16-7C0F-4CE5-92C2-9E2A0C3ACE33}.Release|Any CPU.Build.0 = Release|Any CPU
		{50503E16-7C0F-4CE5-92C2-9E2A0C3ACE33}.Release|iOS.ActiveCfg = Release|Any CPU
		{50503E16-7C0F-4CE5-92C2-9E2A0C3ACE33}.Release|iOS.Build.0 = Release|Any CPU
		{50503E16-7C0F-4CE5-92C2-9E2A0C3ACE33}.Release|Windows-ARM.ActiveCfg = Release|Any CPU
		{50503E16-7C0F-4CE5-92C2-9E2A0C3ACE33}.Release|Windows-ARM.Build.0 = Release|Any CPU
		{50503E16-7C0F-4CE5-92C2-9E2A0C3ACE33}.Release|Windows-x64.ActiveCfg = Release|Any CPU
		{50503E16-7C0F-4CE5-92C2-9E2A0C3ACE33}.Release|Windows-x64.Build.0 = Release|Any CPU
		{50503E16-7C0F-4CE5-92C2-9E2A0C3ACE33}.Release|Windows-x86.ActiveCfg = Release|Any CPU
		{50503E16-7C0F-4CE5-92C2-9E2A0C3ACE33}.Release|Windows-x86.Build.0 = Release|Any CPU
		{6F811EA1-9642-4A34-A7DF-7A30694DB870}.Debug|Android.ActiveCfg = Debug|Any CPU
		{6F811EA1-9642-4A34-A7DF-7A30694DB870}.Debug|Android.Build.0 = Debug|Any CPU
		{6F811EA1-9642-4A34-A7DF-7A30694DB870}.Debug|Any CPU.ActiveCfg = Debug|Any CPU
		{6F811EA1-9642-4A34-A7DF-7A30694DB870}.Debug|Any CPU.Build.0 = Debug|Any CPU
		{6F811EA1-9642-4A34-A7DF-7A30694DB870}.Debug|iOS.ActiveCfg = Debug|Any CPU
		{6F811EA1-9642-4A34-A7DF-7A30694DB870}.Debug|iOS.Build.0 = Debug|Any CPU
		{6F811EA1-9642-4A34-A7DF-7A30694DB870}.Debug|Windows-ARM.ActiveCfg = Debug|Any CPU
		{6F811EA1-9642-4A34-A7DF-7A30694DB870}.Debug|Windows-ARM.Build.0 = Debug|Any CPU
		{6F811EA1-9642-4A34-A7DF-7A30694DB870}.Debug|Windows-x64.ActiveCfg = Debug|Any CPU
		{6F811EA1-9642-4A34-A7DF-7A30694DB870}.Debug|Windows-x64.Build.0 = Debug|Any CPU
		{6F811EA1-9642-4A34-A7DF-7A30694DB870}.Debug|Windows-x86.ActiveCfg = Debug|Any CPU
		{6F811EA1-9642-4A34-A7DF-7A30694DB870}.Debug|Windows-x86.Build.0 = Debug|Any CPU
		{6F811EA1-9642-4A34-A7DF-7A30694DB870}.Release|Android.ActiveCfg = Release|Any CPU
		{6F811EA1-9642-4A34-A7DF-7A30694DB870}.Release|Android.Build.0 = Release|Any CPU
		{6F811EA1-9642-4A34-A7DF-7A30694DB870}.Release|Any CPU.ActiveCfg = Release|Any CPU
		{6F811EA1-9642-4A34-A7DF-7A30694DB870}.Release|Any CPU.Build.0 = Release|Any CPU
		{6F811EA1-9642-4A34-A7DF-7A30694DB870}.Release|iOS.ActiveCfg = Release|Any CPU
		{6F811EA1-9642-4A34-A7DF-7A30694DB870}.Release|iOS.Build.0 = Release|Any CPU
		{6F811EA1-9642-4A34-A7DF-7A30694DB870}.Release|Windows-ARM.ActiveCfg = Release|Any CPU
		{6F811EA1-9642-4A34-A7DF-7A30694DB870}.Release|Windows-ARM.Build.0 = Release|Any CPU
		{6F811EA1-9642-4A34-A7DF-7A30694DB870}.Release|Windows-x64.ActiveCfg = Release|Any CPU
		{6F811EA1-9642-4A34-A7DF-7A30694DB870}.Release|Windows-x64.Build.0 = Release|Any CPU
		{6F811EA1-9642-4A34-A7DF-7A30694DB870}.Release|Windows-x86.ActiveCfg = Release|Any CPU
		{6F811EA1-9642-4A34-A7DF-7A30694DB870}.Release|Windows-x86.Build.0 = Release|Any CPU
		{CF023E0A-A479-45C2-AFAF-6E8E81008F24}.Debug|Android.ActiveCfg = Debug|Android
		{CF023E0A-A479-45C2-AFAF-6E8E81008F24}.Debug|Android.Build.0 = Debug|Android
		{CF023E0A-A479-45C2-AFAF-6E8E81008F24}.Debug|Android.Deploy.0 = Debug|Android
		{CF023E0A-A479-45C2-AFAF-6E8E81008F24}.Debug|Any CPU.ActiveCfg = Debug|Android
		{CF023E0A-A479-45C2-AFAF-6E8E81008F24}.Debug|iOS.ActiveCfg = Debug|iOS
		{CF023E0A-A479-45C2-AFAF-6E8E81008F24}.Debug|iOS.Build.0 = Debug|iOS
		{CF023E0A-A479-45C2-AFAF-6E8E81008F24}.Debug|iOS.Deploy.0 = Debug|iOS
		{CF023E0A-A479-45C2-AFAF-6E8E81008F24}.Debug|Windows-ARM.ActiveCfg = Debug|Windows-ARM
		{CF023E0A-A479-45C2-AFAF-6E8E81008F24}.Debug|Windows-ARM.Build.0 = Debug|Windows-ARM
		{CF023E0A-A479-45C2-AFAF-6E8E81008F24}.Debug|Windows-ARM.Deploy.0 = Debug|Windows-ARM
		{CF023E0A-A479-45C2-AFAF-6E8E81008F24}.Debug|Windows-x64.ActiveCfg = Debug|Windows-x64
		{CF023E0A-A479-45C2-AFAF-6E8E81008F24}.Debug|Windows-x64.Build.0 = Debug|Windows-x64
		{CF023E0A-A479-45C2-AFAF-6E8E81008F24}.Debug|Windows-x64.Deploy.0 = Debug|Windows-x64
		{CF023E0A-A479-45C2-AFAF-6E8E81008F24}.Debug|Windows-x86.ActiveCfg = Debug|Windows-x86
		{CF023E0A-A479-45C2-AFAF-6E8E81008F24}.Debug|Windows-x86.Build.0 = Debug|Windows-x86
		{CF023E0A-A479-45C2-AFAF-6E8E81008F24}.Debug|Windows-x86.Deploy.0 = Debug|Windows-x86
		{CF023E0A-A479-45C2-AFAF-6E8E81008F24}.Release|Android.ActiveCfg = Release|Android
		{CF023E0A-A479-45C2-AFAF-6E8E81008F24}.Release|Android.Build.0 = Release|Android
		{CF023E0A-A479-45C2-AFAF-6E8E81008F24}.Release|Android.Deploy.0 = Release|Android
		{CF023E0A-A479-45C2-AFAF-6E8E81008F24}.Release|Any CPU.ActiveCfg = Release|Android
		{CF023E0A-A479-45C2-AFAF-6E8E81008F24}.Release|iOS.ActiveCfg = Release|iOS
		{CF023E0A-A479-45C2-AFAF-6E8E81008F24}.Release|iOS.Build.0 = Release|iOS
		{CF023E0A-A479-45C2-AFAF-6E8E81008F24}.Release|iOS.Deploy.0 = Release|iOS
		{CF023E0A-A479-45C2-AFAF-6E8E81008F24}.Release|Windows-ARM.ActiveCfg = Release|Windows-ARM
		{CF023E0A-A479-45C2-AFAF-6E8E81008F24}.Release|Windows-ARM.Build.0 = Release|Windows-ARM
		{CF023E0A-A479-45C2-AFAF-6E8E81008F24}.Release|Windows-ARM.Deploy.0 = Release|Windows-ARM
		{CF023E0A-A479-45C2-AFAF-6E8E81008F24}.Release|Windows-x64.ActiveCfg = Release|Windows-x64
		{CF023E0A-A479-45C2-AFAF-6E8E81008F24}.Release|Windows-x64.Build.0 = Release|Windows-x64
		{CF023E0A-A479-45C2-AFAF-6E8E81008F24}.Release|Windows-x64.Deploy.0 = Release|Windows-x64
		{CF023E0A-A479-45C2-AFAF-6E8E81008F24}.Release|Windows-x86.ActiveCfg = Release|Windows-x86
		{CF023E0A-A479-45C2-AFAF-6E8E81008F24}.Release|Windows-x86.Build.0 = Release|Windows-x86
		{CF023E0A-A479-45C2-AFAF-6E8E81008F24}.Release|Windows-x86.Deploy.0 = Release|Windows-x86
		{26148A63-47CC-4A3E-896D-12992A40A89A}.Debug|Android.ActiveCfg = Debug|Any CPU
		{26148A63-47CC-4A3E-896D-12992A40A89A}.Debug|Android.Build.0 = Debug|Any CPU
		{26148A63-47CC-4A3E-896D-12992A40A89A}.Debug|Any CPU.ActiveCfg = Debug|Any CPU
		{26148A63-47CC-4A3E-896D-12992A40A89A}.Debug|Any CPU.Build.0 = Debug|Any CPU
		{26148A63-47CC-4A3E-896D-12992A40A89A}.Debug|iOS.ActiveCfg = Debug|Any CPU
		{26148A63-47CC-4A3E-896D-12992A40A89A}.Debug|iOS.Build.0 = Debug|Any CPU
		{26148A63-47CC-4A3E-896D-12992A40A89A}.Debug|Windows-ARM.ActiveCfg = Debug|Any CPU
		{26148A63-47CC-4A3E-896D-12992A40A89A}.Debug|Windows-ARM.Build.0 = Debug|Any CPU
		{26148A63-47CC-4A3E-896D-12992A40A89A}.Debug|Windows-x64.ActiveCfg = Debug|Any CPU
		{26148A63-47CC-4A3E-896D-12992A40A89A}.Debug|Windows-x64.Build.0 = Debug|Any CPU
		{26148A63-47CC-4A3E-896D-12992A40A89A}.Debug|Windows-x86.ActiveCfg = Debug|Any CPU
		{26148A63-47CC-4A3E-896D-12992A40A89A}.Debug|Windows-x86.Build.0 = Debug|Any CPU
		{26148A63-47CC-4A3E-896D-12992A40A89A}.Release|Android.ActiveCfg = Release|Any CPU
		{26148A63-47CC-4A3E-896D-12992A40A89A}.Release|Android.Build.0 = Release|Any CPU
		{26148A63-47CC-4A3E-896D-12992A40A89A}.Release|Any CPU.ActiveCfg = Release|Any CPU
		{26148A63-47CC-4A3E-896D-12992A40A89A}.Release|Any CPU.Build.0 = Release|Any CPU
		{26148A63-47CC-4A3E-896D-12992A40A89A}.Release|iOS.ActiveCfg = Release|Any CPU
		{26148A63-47CC-4A3E-896D-12992A40A89A}.Release|iOS.Build.0 = Release|Any CPU
		{26148A63-47CC-4A3E-896D-12992A40A89A}.Release|Windows-ARM.ActiveCfg = Release|Any CPU
		{26148A63-47CC-4A3E-896D-12992A40A89A}.Release|Windows-ARM.Build.0 = Release|Any CPU
		{26148A63-47CC-4A3E-896D-12992A40A89A}.Release|Windows-x64.ActiveCfg = Release|Any CPU
		{26148A63-47CC-4A3E-896D-12992A40A89A}.Release|Windows-x64.Build.0 = Release|Any CPU
		{26148A63-47CC-4A3E-896D-12992A40A89A}.Release|Windows-x86.ActiveCfg = Release|Any CPU
		{26148A63-47CC-4A3E-896D-12992A40A89A}.Release|Windows-x86.Build.0 = Release|Any CPU
		{BB70C468-5D1E-45BF-AD19-DEFE48C973C6}.Debug|Android.ActiveCfg = Debug|Any CPU
		{BB70C468-5D1E-45BF-AD19-DEFE48C973C6}.Debug|Android.Build.0 = Debug|Any CPU
		{BB70C468-5D1E-45BF-AD19-DEFE48C973C6}.Debug|Any CPU.ActiveCfg = Debug|Any CPU
		{BB70C468-5D1E-45BF-AD19-DEFE48C973C6}.Debug|Any CPU.Build.0 = Debug|Any CPU
		{BB70C468-5D1E-45BF-AD19-DEFE48C973C6}.Debug|iOS.ActiveCfg = Debug|Any CPU
		{BB70C468-5D1E-45BF-AD19-DEFE48C973C6}.Debug|iOS.Build.0 = Debug|Any CPU
		{BB70C468-5D1E-45BF-AD19-DEFE48C973C6}.Debug|Windows-ARM.ActiveCfg = Debug|Any CPU
		{BB70C468-5D1E-45BF-AD19-DEFE48C973C6}.Debug|Windows-ARM.Build.0 = Debug|Any CPU
		{BB70C468-5D1E-45BF-AD19-DEFE48C973C6}.Debug|Windows-x64.ActiveCfg = Debug|Any CPU
		{BB70C468-5D1E-45BF-AD19-DEFE48C973C6}.Debug|Windows-x64.Build.0 = Debug|Any CPU
		{BB70C468-5D1E-45BF-AD19-DEFE48C973C6}.Debug|Windows-x86.ActiveCfg = Debug|Any CPU
		{BB70C468-5D1E-45BF-AD19-DEFE48C973C6}.Debug|Windows-x86.Build.0 = Debug|Any CPU
		{BB70C468-5D1E-45BF-AD19-DEFE48C973C6}.Release|Android.ActiveCfg = Release|Any CPU
		{BB70C468-5D1E-45BF-AD19-DEFE48C973C6}.Release|Android.Build.0 = Release|Any CPU
		{BB70C468-5D1E-45BF-AD19-DEFE48C973C6}.Release|Any CPU.ActiveCfg = Release|Any CPU
		{BB70C468-5D1E-45BF-AD19-DEFE48C973C6}.Release|Any CPU.Build.0 = Release|Any CPU
		{BB70C468-5D1E-45BF-AD19-DEFE48C973C6}.Release|iOS.ActiveCfg = Release|Any CPU
		{BB70C468-5D1E-45BF-AD19-DEFE48C973C6}.Release|iOS.Build.0 = Release|Any CPU
		{BB70C468-5D1E-45BF-AD19-DEFE48C973C6}.Release|Windows-ARM.ActiveCfg = Release|Any CPU
		{BB70C468-5D1E-45BF-AD19-DEFE48C973C6}.Release|Windows-ARM.Build.0 = Release|Any CPU
		{BB70C468-5D1E-45BF-AD19-DEFE48C973C6}.Release|Windows-x64.ActiveCfg = Release|Any CPU
		{BB70C468-5D1E-45BF-AD19-DEFE48C973C6}.Release|Windows-x64.Build.0 = Release|Any CPU
		{BB70C468-5D1E-45BF-AD19-DEFE48C973C6}.Release|Windows-x86.ActiveCfg = Release|Any CPU
		{BB70C468-5D1E-45BF-AD19-DEFE48C973C6}.Release|Windows-x86.Build.0 = Release|Any CPU
		{F2E74FB6-C669-42EE-8F32-2EF076A86C0B}.Debug|Android.ActiveCfg = Debug|Any CPU
		{F2E74FB6-C669-42EE-8F32-2EF076A86C0B}.Debug|Android.Build.0 = Debug|Any CPU
		{F2E74FB6-C669-42EE-8F32-2EF076A86C0B}.Debug|Any CPU.ActiveCfg = Debug|Any CPU
		{F2E74FB6-C669-42EE-8F32-2EF076A86C0B}.Debug|Any CPU.Build.0 = Debug|Any CPU
		{F2E74FB6-C669-42EE-8F32-2EF076A86C0B}.Debug|iOS.ActiveCfg = Debug|Any CPU
		{F2E74FB6-C669-42EE-8F32-2EF076A86C0B}.Debug|iOS.Build.0 = Debug|Any CPU
		{F2E74FB6-C669-42EE-8F32-2EF076A86C0B}.Debug|Windows-ARM.ActiveCfg = Debug|Any CPU
		{F2E74FB6-C669-42EE-8F32-2EF076A86C0B}.Debug|Windows-ARM.Build.0 = Debug|Any CPU
		{F2E74FB6-C669-42EE-8F32-2EF076A86C0B}.Debug|Windows-x64.ActiveCfg = Debug|Any CPU
		{F2E74FB6-C669-42EE-8F32-2EF076A86C0B}.Debug|Windows-x64.Build.0 = Debug|Any CPU
		{F2E74FB6-C669-42EE-8F32-2EF076A86C0B}.Debug|Windows-x86.ActiveCfg = Debug|Any CPU
		{F2E74FB6-C669-42EE-8F32-2EF076A86C0B}.Debug|Windows-x86.Build.0 = Debug|Any CPU
		{F2E74FB6-C669-42EE-8F32-2EF076A86C0B}.Release|Android.ActiveCfg = Release|Any CPU
		{F2E74FB6-C669-42EE-8F32-2EF076A86C0B}.Release|Android.Build.0 = Release|Any CPU
		{F2E74FB6-C669-42EE-8F32-2EF076A86C0B}.Release|Any CPU.ActiveCfg = Release|Any CPU
		{F2E74FB6-C669-42EE-8F32-2EF076A86C0B}.Release|Any CPU.Build.0 = Release|Any CPU
		{F2E74FB6-C669-42EE-8F32-2EF076A86C0B}.Release|iOS.ActiveCfg = Release|Any CPU
		{F2E74FB6-C669-42EE-8F32-2EF076A86C0B}.Release|iOS.Build.0 = Release|Any CPU
		{F2E74FB6-C669-42EE-8F32-2EF076A86C0B}.Release|Windows-ARM.ActiveCfg = Release|Any CPU
		{F2E74FB6-C669-42EE-8F32-2EF076A86C0B}.Release|Windows-ARM.Build.0 = Release|Any CPU
		{F2E74FB6-C669-42EE-8F32-2EF076A86C0B}.Release|Windows-x64.ActiveCfg = Release|Any CPU
		{F2E74FB6-C669-42EE-8F32-2EF076A86C0B}.Release|Windows-x64.Build.0 = Release|Any CPU
		{F2E74FB6-C669-42EE-8F32-2EF076A86C0B}.Release|Windows-x86.ActiveCfg = Release|Any CPU
		{F2E74FB6-C669-42EE-8F32-2EF076A86C0B}.Release|Windows-x86.Build.0 = Release|Any CPU
		{4A25AF88-3ECE-4471-B305-F1D3D788B21A}.Debug|Android.ActiveCfg = Debug|Any CPU
		{4A25AF88-3ECE-4471-B305-F1D3D788B21A}.Debug|Android.Build.0 = Debug|Any CPU
		{4A25AF88-3ECE-4471-B305-F1D3D788B21A}.Debug|Any CPU.ActiveCfg = Debug|Any CPU
		{4A25AF88-3ECE-4471-B305-F1D3D788B21A}.Debug|Any CPU.Build.0 = Debug|Any CPU
		{4A25AF88-3ECE-4471-B305-F1D3D788B21A}.Debug|iOS.ActiveCfg = Debug|Any CPU
		{4A25AF88-3ECE-4471-B305-F1D3D788B21A}.Debug|iOS.Build.0 = Debug|Any CPU
		{4A25AF88-3ECE-4471-B305-F1D3D788B21A}.Debug|Windows-ARM.ActiveCfg = Debug|Any CPU
		{4A25AF88-3ECE-4471-B305-F1D3D788B21A}.Debug|Windows-ARM.Build.0 = Debug|Any CPU
		{4A25AF88-3ECE-4471-B305-F1D3D788B21A}.Debug|Windows-x64.ActiveCfg = Debug|Any CPU
		{4A25AF88-3ECE-4471-B305-F1D3D788B21A}.Debug|Windows-x64.Build.0 = Debug|Any CPU
		{4A25AF88-3ECE-4471-B305-F1D3D788B21A}.Debug|Windows-x86.ActiveCfg = Debug|Any CPU
		{4A25AF88-3ECE-4471-B305-F1D3D788B21A}.Debug|Windows-x86.Build.0 = Debug|Any CPU
		{4A25AF88-3ECE-4471-B305-F1D3D788B21A}.Release|Android.ActiveCfg = Release|Any CPU
		{4A25AF88-3ECE-4471-B305-F1D3D788B21A}.Release|Android.Build.0 = Release|Any CPU
		{4A25AF88-3ECE-4471-B305-F1D3D788B21A}.Release|Any CPU.ActiveCfg = Release|Any CPU
		{4A25AF88-3ECE-4471-B305-F1D3D788B21A}.Release|Any CPU.Build.0 = Release|Any CPU
		{4A25AF88-3ECE-4471-B305-F1D3D788B21A}.Release|iOS.ActiveCfg = Release|Any CPU
		{4A25AF88-3ECE-4471-B305-F1D3D788B21A}.Release|iOS.Build.0 = Release|Any CPU
		{4A25AF88-3ECE-4471-B305-F1D3D788B21A}.Release|Windows-ARM.ActiveCfg = Release|Any CPU
		{4A25AF88-3ECE-4471-B305-F1D3D788B21A}.Release|Windows-ARM.Build.0 = Release|Any CPU
		{4A25AF88-3ECE-4471-B305-F1D3D788B21A}.Release|Windows-x64.ActiveCfg = Release|Any CPU
		{4A25AF88-3ECE-4471-B305-F1D3D788B21A}.Release|Windows-x64.Build.0 = Release|Any CPU
		{4A25AF88-3ECE-4471-B305-F1D3D788B21A}.Release|Windows-x86.ActiveCfg = Release|Any CPU
		{4A25AF88-3ECE-4471-B305-F1D3D788B21A}.Release|Windows-x86.Build.0 = Release|Any CPU
	EndGlobalSection
	GlobalSection(SolutionProperties) = preSolution
		HideSolutionNode = FALSE
	EndGlobalSection
	GlobalSection(ExtensibilityGlobals) = postSolution
		SolutionGuid = {44C68769-8918-4602-8DF0-7EE3671A0296}
	EndGlobalSection
EndGlobal
