
Microsoft Visual Studio Solution File, Format Version 12.00
# Visual Studio 15
VisualStudioVersion = 15.0.27004.2005
MinimumVisualStudioVersion = 10.0.40219.1
Project("{9A19103F-16F7-4668-BE54-9A1E7A4F7556}") = "DotNetCore2.0_Web_Blank", "DotNetCore2.0_Web\DotNetCore2.0_Web_Blank.csproj", "{208F6770-F44C-45D6-9122-CF6C18221F0E}"
EndProject
Project("{9A19103F-16F7-4668-BE54-9A1E7A4F7556}") = "DotNetCore2.0_Web_Application_MVC", "DotNetCore2.0_Web_Application_MVC\DotNetCore2.0_Web_Application_MVC.csproj", "{368D85DE-4695-4B34-AC96-2A01E519B465}"
EndProject
Project("{9A19103F-16F7-4668-BE54-9A1E7A4F7556}") = "DotNetCore2.0_Web_WebAPI", "DotNetCore2.0_Web_WebAPI\DotNetCore2.0_Web_WebAPI.csproj", "{9150BD2D-C350-4931-8503-7B330781C929}"
EndProject
Project("{9A19103F-16F7-4668-BE54-9A1E7A4F7556}") = "DotNetCore2.0_Web_Application", "DotNetCore2.0_Web_Application\DotNetCore2.0_Web_Application.csproj", "{F4926B34-87C1-4230-988E-2F07A9671004}"
EndProject
Project("{9A19103F-16F7-4668-BE54-9A1E7A4F7556}") = "DotNetCore2.0_Web_Angular", "DotNetCore2.0_Web_Angular\DotNetCore2.0_Web_Angular.csproj", "{93006242-569B-486F-9601-BE0F715BB3FA}"
EndProject
Project("{9A19103F-16F7-4668-BE54-9A1E7A4F7556}") = "DotNetCore2.0_Web_ReactJS", "DotNetCore2.0_Web_ReactJS\DotNetCore2.0_Web_ReactJS.csproj", "{50503E16-7C0F-4CE5-92C2-9E2A0C3ACE33}"
EndProject
Project("{9A19103F-16F7-4668-BE54-9A1E7A4F7556}") = "DotNetCore2.0_Web_React_Redux", "DotNetCore2.0_Web_React_Redux\DotNetCore2.0_Web_React_Redux.csproj", "{6F811EA1-9642-4A34-A7DF-7A30694DB870}"
EndProject
Project("{FAE04EC0-301F-11D3-BF4B-00C04F79EFBC}") = "Microsoft Graph SDK ASPNET Connect", "Microsoft Graph SDK ASPNET Connect\Microsoft Graph SDK ASPNET Connect\Microsoft Graph SDK ASPNET Connect.csproj", "{26148A63-47CC-4A3E-896D-12992A40A89A}"
EndProject
Project("{FAE04EC0-301F-11D3-BF4B-00C04F79EFBC}") = "UnitTests", "Microsoft Graph SDK ASPNET Connect\UnitTests\UnitTests.csproj", "{BB70C468-5D1E-45BF-AD19-DEFE48C973C6}"
EndProject
Project("{FAE04EC0-301F-11D3-BF4B-00C04F79EFBC}") = "Console_PostSharp_Test", "Console_PostSharp_Test\Console_PostSharp_Test.csproj", "{F2E74FB6-C669-42EE-8F32-2EF076A86C0B}"
EndProject
Project("{9A19103F-16F7-4668-BE54-9A1E7A4F7556}") = "WebCore_Filter_Test_API", "WebCore_Filter_Test_API\WebCore_Filter_Test_API.csproj", "{4A25AF88-3ECE-4471-B305-F1D3D788B21A}"
EndProject
Project("{9A19103F-16F7-4668-BE54-9A1E7A4F7556}") = "DotNetCore2.0_Web_Application_WithDocker", "DotNetCore2.0_Web_Application_WithDocker\DotNetCore2.0_Web_Application_WithDocker.csproj", "{A9AC0F12-8BEF-456B-8339-DE284EE3DAA3}"
EndProject
Project("{E53339B2-1760-4266-BCC7-CA923CBCF16C}") = "docker-compose", "docker-compose.dcproj", "{52C42049-09C6-47FB-A3A3-0EF835FC098E}"
EndProject
Project("{FAE04EC0-301F-11D3-BF4B-00C04F79EFBC}") = "DotNetFramework_WindowsService", "DotNetFramework_WindowsService\DotNetFramework_WindowsService.csproj", "{C966B501-2E60-4742-BA38-8617890D4756}"
EndProject
Project("{9A19103F-16F7-4668-BE54-9A1E7A4F7556}") = "DotNetStandardLibrary", "DotNetStandardLibrary\DotNetStandardLibrary.csproj", "{3DC1AF1E-9104-4550-9F46-3DA6BD69FB4D}"
EndProject
Project("{9A19103F-16F7-4668-BE54-9A1E7A4F7556}") = "DotNetCore2_Console_Application", "DotNetCore2_Console_Application\DotNetCore2_Console_Application.csproj", "{80D9E9B1-A001-4EC1-96CB-C0D720894EB7}"
EndProject
Project("{FAE04EC0-301F-11D3-BF4B-00C04F79EFBC}") = "DotNetFrameWork_Console_Appliaction", "DotNetFrameWork_Console_Appliaction\DotNetFrameWork_Console_Appliaction.csproj", "{CB420909-7988-49B8-BABF-7D0C436F1858}"
EndProject
Project("{FAE04EC0-301F-11D3-BF4B-00C04F79EFBC}") = "JobSchedule", "JobSchedule\JobSchedule\JobSchedule.csproj", "{E1933E8C-1B27-4D75-8227-5CF5605ED885}"
EndProject
Project("{9A19103F-16F7-4668-BE54-9A1E7A4F7556}") = "DotNetCore2_Console_Application_HangFire", "DotNetCore2_Console_Application_HangFire\DotNetCore2_Console_Application_HangFire.csproj", "{2ED671ED-34C9-473D-8276-BAE172226B59}"
EndProject
Project("{9A19103F-16F7-4668-BE54-9A1E7A4F7556}") = "DotNetCore2_Web_Aplication_HangFire", "DotNetCore2_Web_Aplication_HangFire\DotNetCore2_Web_Aplication_HangFire.csproj", "{7D833C44-4B36-46E6-AF14-9785CB27BE7D}"
EndProject
Project("{FAE04EC0-301F-11D3-BF4B-00C04F79EFBC}") = "DotNetFrameWork_WindowsService_HangFire", "DotNetFrameWork_WindowsService_HangFire\DotNetFrameWork_WindowsService_HangFire.csproj", "{5E9A9A85-1181-4569-A950-B4DD90C7E01E}"
EndProject
Project("{FAE04EC0-301F-11D3-BF4B-00C04F79EFBC}") = "WebApplication2", "WebApplication2\WebApplication2.csproj", "{A33CFE01-2009-434C-830F-F891B7FD9BA1}"
EndProject
Project("{FAE04EC0-301F-11D3-BF4B-00C04F79EFBC}") = "DotNetFrameWorkConsoleApplicationHangFire", "DotNetFrameWorkConsoleApplicationHangFire\DotNetFrameWorkConsoleApplicationHangFire.csproj", "{EB466F7F-2B60-4143-A5A3-43A7EB8E81C2}"
EndProject
Project("{FAE04EC0-301F-11D3-BF4B-00C04F79EFBC}") = "DotNetFrameWork_Library", "DotNetFrameWork_Library\DotNetFrameWork_Library.csproj", "{C566782B-2791-4BAF-8002-BA134DE80C12}"
EndProject
Project("{FAE04EC0-301F-11D3-BF4B-00C04F79EFBC}") = "DotnetFrameWork_WebApplication_HangFire", "DotnetFrameWork_WebApplication_HangFire\DotnetFrameWork_WebApplication_HangFire.csproj", "{63405DB7-75DE-404C-8F7F-DFCD8D1BFBC3}"
EndProject
Project("{262852C6-CD72-467D-83FE-5EEB1973A190}") = "BlankCordovaApp1", "BlankCordovaApp1\BlankCordovaApp1.jsproj", "{688BDD79-0808-4B8E-8FCB-7D6FB6227C67}"
EndProject
Project("{262852C6-CD72-467D-83FE-5EEB1973A190}") = "ionic2-ts-blank2", "ionic2-ts-blank2\ionic2-ts-blank2.jsproj", "{AA595776-D4C6-4FC7-B37A-26CF8BED3040}"
EndProject
Global
	GlobalSection(SolutionConfigurationPlatforms) = preSolution
		Debug|Android = Debug|Android
		Debug|Any CPU = Debug|Any CPU
		Debug|iOS = Debug|iOS
		Debug|Windows-AnyCPU = Debug|Windows-AnyCPU
		Debug|Windows-ARM = Debug|Windows-ARM
		Debug|Windows-x64 = Debug|Windows-x64
		Debug|Windows-x86 = Debug|Windows-x86
		Release|Android = Release|Android
		Release|Any CPU = Release|Any CPU
		Release|iOS = Release|iOS
		Release|Windows-AnyCPU = Release|Windows-AnyCPU
		Release|Windows-ARM = Release|Windows-ARM
		Release|Windows-x64 = Release|Windows-x64
		Release|Windows-x86 = Release|Windows-x86
	EndGlobalSection
	GlobalSection(ProjectConfigurationPlatforms) = postSolution
		{208F6770-F44C-45D6-9122-CF6C18221F0E}.Debug|Android.ActiveCfg = Debug|Any CPU
		{208F6770-F44C-45D6-9122-CF6C18221F0E}.Debug|Android.Build.0 = Debug|Any CPU
		{208F6770-F44C-45D6-9122-CF6C18221F0E}.Debug|Any CPU.ActiveCfg = Debug|Any CPU
		{208F6770-F44C-45D6-9122-CF6C18221F0E}.Debug|Any CPU.Build.0 = Debug|Any CPU
		{208F6770-F44C-45D6-9122-CF6C18221F0E}.Debug|iOS.ActiveCfg = Debug|Any CPU
		{208F6770-F44C-45D6-9122-CF6C18221F0E}.Debug|iOS.Build.0 = Debug|Any CPU
		{208F6770-F44C-45D6-9122-CF6C18221F0E}.Debug|Windows-AnyCPU.ActiveCfg = Debug|Any CPU
		{208F6770-F44C-45D6-9122-CF6C18221F0E}.Debug|Windows-AnyCPU.Build.0 = Debug|Any CPU
		{208F6770-F44C-45D6-9122-CF6C18221F0E}.Debug|Windows-ARM.ActiveCfg = Debug|Any CPU
		{208F6770-F44C-45D6-9122-CF6C18221F0E}.Debug|Windows-ARM.Build.0 = Debug|Any CPU
		{208F6770-F44C-45D6-9122-CF6C18221F0E}.Debug|Windows-x64.ActiveCfg = Debug|Any CPU
		{208F6770-F44C-45D6-9122-CF6C18221F0E}.Debug|Windows-x64.Build.0 = Debug|Any CPU
		{208F6770-F44C-45D6-9122-CF6C18221F0E}.Debug|Windows-x86.ActiveCfg = Debug|Any CPU
		{208F6770-F44C-45D6-9122-CF6C18221F0E}.Debug|Windows-x86.Build.0 = Debug|Any CPU
		{208F6770-F44C-45D6-9122-CF6C18221F0E}.Release|Android.ActiveCfg = Release|Any CPU
		{208F6770-F44C-45D6-9122-CF6C18221F0E}.Release|Android.Build.0 = Release|Any CPU
		{208F6770-F44C-45D6-9122-CF6C18221F0E}.Release|Any CPU.ActiveCfg = Release|Any CPU
		{208F6770-F44C-45D6-9122-CF6C18221F0E}.Release|Any CPU.Build.0 = Release|Any CPU
		{208F6770-F44C-45D6-9122-CF6C18221F0E}.Release|iOS.ActiveCfg = Release|Any CPU
		{208F6770-F44C-45D6-9122-CF6C18221F0E}.Release|iOS.Build.0 = Release|Any CPU
		{208F6770-F44C-45D6-9122-CF6C18221F0E}.Release|Windows-AnyCPU.ActiveCfg = Release|Any CPU
		{208F6770-F44C-45D6-9122-CF6C18221F0E}.Release|Windows-AnyCPU.Build.0 = Release|Any CPU
		{208F6770-F44C-45D6-9122-CF6C18221F0E}.Release|Windows-ARM.ActiveCfg = Release|Any CPU
		{208F6770-F44C-45D6-9122-CF6C18221F0E}.Release|Windows-ARM.Build.0 = Release|Any CPU
		{208F6770-F44C-45D6-9122-CF6C18221F0E}.Release|Windows-x64.ActiveCfg = Release|Any CPU
		{208F6770-F44C-45D6-9122-CF6C18221F0E}.Release|Windows-x64.Build.0 = Release|Any CPU
		{208F6770-F44C-45D6-9122-CF6C18221F0E}.Release|Windows-x86.ActiveCfg = Release|Any CPU
		{208F6770-F44C-45D6-9122-CF6C18221F0E}.Release|Windows-x86.Build.0 = Release|Any CPU
		{368D85DE-4695-4B34-AC96-2A01E519B465}.Debug|Android.ActiveCfg = Debug|Any CPU
		{368D85DE-4695-4B34-AC96-2A01E519B465}.Debug|Android.Build.0 = Debug|Any CPU
		{368D85DE-4695-4B34-AC96-2A01E519B465}.Debug|Any CPU.ActiveCfg = Debug|Any CPU
		{368D85DE-4695-4B34-AC96-2A01E519B465}.Debug|Any CPU.Build.0 = Debug|Any CPU
		{368D85DE-4695-4B34-AC96-2A01E519B465}.Debug|iOS.ActiveCfg = Debug|Any CPU
		{368D85DE-4695-4B34-AC96-2A01E519B465}.Debug|iOS.Build.0 = Debug|Any CPU
		{368D85DE-4695-4B34-AC96-2A01E519B465}.Debug|Windows-AnyCPU.ActiveCfg = Debug|Any CPU
		{368D85DE-4695-4B34-AC96-2A01E519B465}.Debug|Windows-AnyCPU.Build.0 = Debug|Any CPU
		{368D85DE-4695-4B34-AC96-2A01E519B465}.Debug|Windows-ARM.ActiveCfg = Debug|Any CPU
		{368D85DE-4695-4B34-AC96-2A01E519B465}.Debug|Windows-ARM.Build.0 = Debug|Any CPU
		{368D85DE-4695-4B34-AC96-2A01E519B465}.Debug|Windows-x64.ActiveCfg = Debug|Any CPU
		{368D85DE-4695-4B34-AC96-2A01E519B465}.Debug|Windows-x64.Build.0 = Debug|Any CPU
		{368D85DE-4695-4B34-AC96-2A01E519B465}.Debug|Windows-x86.ActiveCfg = Debug|Any CPU
		{368D85DE-4695-4B34-AC96-2A01E519B465}.Debug|Windows-x86.Build.0 = Debug|Any CPU
		{368D85DE-4695-4B34-AC96-2A01E519B465}.Release|Android.ActiveCfg = Release|Any CPU
		{368D85DE-4695-4B34-AC96-2A01E519B465}.Release|Android.Build.0 = Release|Any CPU
		{368D85DE-4695-4B34-AC96-2A01E519B465}.Release|Any CPU.ActiveCfg = Release|Any CPU
		{368D85DE-4695-4B34-AC96-2A01E519B465}.Release|Any CPU.Build.0 = Release|Any CPU
		{368D85DE-4695-4B34-AC96-2A01E519B465}.Release|iOS.ActiveCfg = Release|Any CPU
		{368D85DE-4695-4B34-AC96-2A01E519B465}.Release|iOS.Build.0 = Release|Any CPU
		{368D85DE-4695-4B34-AC96-2A01E519B465}.Release|Windows-AnyCPU.ActiveCfg = Release|Any CPU
		{368D85DE-4695-4B34-AC96-2A01E519B465}.Release|Windows-AnyCPU.Build.0 = Release|Any CPU
		{368D85DE-4695-4B34-AC96-2A01E519B465}.Release|Windows-ARM.ActiveCfg = Release|Any CPU
		{368D85DE-4695-4B34-AC96-2A01E519B465}.Release|Windows-ARM.Build.0 = Release|Any CPU
		{368D85DE-4695-4B34-AC96-2A01E519B465}.Release|Windows-x64.ActiveCfg = Release|Any CPU
		{368D85DE-4695-4B34-AC96-2A01E519B465}.Release|Windows-x64.Build.0 = Release|Any CPU
		{368D85DE-4695-4B34-AC96-2A01E519B465}.Release|Windows-x86.ActiveCfg = Release|Any CPU
		{368D85DE-4695-4B34-AC96-2A01E519B465}.Release|Windows-x86.Build.0 = Release|Any CPU
		{9150BD2D-C350-4931-8503-7B330781C929}.Debug|Android.ActiveCfg = Debug|Any CPU
		{9150BD2D-C350-4931-8503-7B330781C929}.Debug|Android.Build.0 = Debug|Any CPU
		{9150BD2D-C350-4931-8503-7B330781C929}.Debug|Any CPU.ActiveCfg = Debug|Any CPU
		{9150BD2D-C350-4931-8503-7B330781C929}.Debug|Any CPU.Build.0 = Debug|Any CPU
		{9150BD2D-C350-4931-8503-7B330781C929}.Debug|iOS.ActiveCfg = Debug|Any CPU
		{9150BD2D-C350-4931-8503-7B330781C929}.Debug|iOS.Build.0 = Debug|Any CPU
		{9150BD2D-C350-4931-8503-7B330781C929}.Debug|Windows-AnyCPU.ActiveCfg = Debug|Any CPU
		{9150BD2D-C350-4931-8503-7B330781C929}.Debug|Windows-AnyCPU.Build.0 = Debug|Any CPU
		{9150BD2D-C350-4931-8503-7B330781C929}.Debug|Windows-ARM.ActiveCfg = Debug|Any CPU
		{9150BD2D-C350-4931-8503-7B330781C929}.Debug|Windows-ARM.Build.0 = Debug|Any CPU
		{9150BD2D-C350-4931-8503-7B330781C929}.Debug|Windows-x64.ActiveCfg = Debug|Any CPU
		{9150BD2D-C350-4931-8503-7B330781C929}.Debug|Windows-x64.Build.0 = Debug|Any CPU
		{9150BD2D-C350-4931-8503-7B330781C929}.Debug|Windows-x86.ActiveCfg = Debug|Any CPU
		{9150BD2D-C350-4931-8503-7B330781C929}.Debug|Windows-x86.Build.0 = Debug|Any CPU
		{9150BD2D-C350-4931-8503-7B330781C929}.Release|Android.ActiveCfg = Release|Any CPU
		{9150BD2D-C350-4931-8503-7B330781C929}.Release|Android.Build.0 = Release|Any CPU
		{9150BD2D-C350-4931-8503-7B330781C929}.Release|Any CPU.ActiveCfg = Release|Any CPU
		{9150BD2D-C350-4931-8503-7B330781C929}.Release|Any CPU.Build.0 = Release|Any CPU
		{9150BD2D-C350-4931-8503-7B330781C929}.Release|iOS.ActiveCfg = Release|Any CPU
		{9150BD2D-C350-4931-8503-7B330781C929}.Release|iOS.Build.0 = Release|Any CPU
		{9150BD2D-C350-4931-8503-7B330781C929}.Release|Windows-AnyCPU.ActiveCfg = Release|Any CPU
		{9150BD2D-C350-4931-8503-7B330781C929}.Release|Windows-AnyCPU.Build.0 = Release|Any CPU
		{9150BD2D-C350-4931-8503-7B330781C929}.Release|Windows-ARM.ActiveCfg = Release|Any CPU
		{9150BD2D-C350-4931-8503-7B330781C929}.Release|Windows-ARM.Build.0 = Release|Any CPU
		{9150BD2D-C350-4931-8503-7B330781C929}.Release|Windows-x64.ActiveCfg = Release|Any CPU
		{9150BD2D-C350-4931-8503-7B330781C929}.Release|Windows-x64.Build.0 = Release|Any CPU
		{9150BD2D-C350-4931-8503-7B330781C929}.Release|Windows-x86.ActiveCfg = Release|Any CPU
		{9150BD2D-C350-4931-8503-7B330781C929}.Release|Windows-x86.Build.0 = Release|Any CPU
		{F4926B34-87C1-4230-988E-2F07A9671004}.Debug|Android.ActiveCfg = Debug|Any CPU
		{F4926B34-87C1-4230-988E-2F07A9671004}.Debug|Android.Build.0 = Debug|Any CPU
		{F4926B34-87C1-4230-988E-2F07A9671004}.Debug|Any CPU.ActiveCfg = Debug|Any CPU
		{F4926B34-87C1-4230-988E-2F07A9671004}.Debug|Any CPU.Build.0 = Debug|Any CPU
		{F4926B34-87C1-4230-988E-2F07A9671004}.Debug|iOS.ActiveCfg = Debug|Any CPU
		{F4926B34-87C1-4230-988E-2F07A9671004}.Debug|iOS.Build.0 = Debug|Any CPU
		{F4926B34-87C1-4230-988E-2F07A9671004}.Debug|Windows-AnyCPU.ActiveCfg = Debug|Any CPU
		{F4926B34-87C1-4230-988E-2F07A9671004}.Debug|Windows-AnyCPU.Build.0 = Debug|Any CPU
		{F4926B34-87C1-4230-988E-2F07A9671004}.Debug|Windows-ARM.ActiveCfg = Debug|Any CPU
		{F4926B34-87C1-4230-988E-2F07A9671004}.Debug|Windows-ARM.Build.0 = Debug|Any CPU
		{F4926B34-87C1-4230-988E-2F07A9671004}.Debug|Windows-x64.ActiveCfg = Debug|Any CPU
		{F4926B34-87C1-4230-988E-2F07A9671004}.Debug|Windows-x64.Build.0 = Debug|Any CPU
		{F4926B34-87C1-4230-988E-2F07A9671004}.Debug|Windows-x86.ActiveCfg = Debug|Any CPU
		{F4926B34-87C1-4230-988E-2F07A9671004}.Debug|Windows-x86.Build.0 = Debug|Any CPU
		{F4926B34-87C1-4230-988E-2F07A9671004}.Release|Android.ActiveCfg = Release|Any CPU
		{F4926B34-87C1-4230-988E-2F07A9671004}.Release|Android.Build.0 = Release|Any CPU
		{F4926B34-87C1-4230-988E-2F07A9671004}.Release|Any CPU.ActiveCfg = Release|Any CPU
		{F4926B34-87C1-4230-988E-2F07A9671004}.Release|Any CPU.Build.0 = Release|Any CPU
		{F4926B34-87C1-4230-988E-2F07A9671004}.Release|iOS.ActiveCfg = Release|Any CPU
		{F4926B34-87C1-4230-988E-2F07A9671004}.Release|iOS.Build.0 = Release|Any CPU
		{F4926B34-87C1-4230-988E-2F07A9671004}.Release|Windows-AnyCPU.ActiveCfg = Release|Any CPU
		{F4926B34-87C1-4230-988E-2F07A9671004}.Release|Windows-AnyCPU.Build.0 = Release|Any CPU
		{F4926B34-87C1-4230-988E-2F07A9671004}.Release|Windows-ARM.ActiveCfg = Release|Any CPU
		{F4926B34-87C1-4230-988E-2F07A9671004}.Release|Windows-ARM.Build.0 = Release|Any CPU
		{F4926B34-87C1-4230-988E-2F07A9671004}.Release|Windows-x64.ActiveCfg = Release|Any CPU
		{F4926B34-87C1-4230-988E-2F07A9671004}.Release|Windows-x64.Build.0 = Release|Any CPU
		{F4926B34-87C1-4230-988E-2F07A9671004}.Release|Windows-x86.ActiveCfg = Release|Any CPU
		{F4926B34-87C1-4230-988E-2F07A9671004}.Release|Windows-x86.Build.0 = Release|Any CPU
		{93006242-569B-486F-9601-BE0F715BB3FA}.Debug|Android.ActiveCfg = Debug|Any CPU
		{93006242-569B-486F-9601-BE0F715BB3FA}.Debug|Android.Build.0 = Debug|Any CPU
		{93006242-569B-486F-9601-BE0F715BB3FA}.Debug|Any CPU.ActiveCfg = Debug|Any CPU
		{93006242-569B-486F-9601-BE0F715BB3FA}.Debug|Any CPU.Build.0 = Debug|Any CPU
		{93006242-569B-486F-9601-BE0F715BB3FA}.Debug|iOS.ActiveCfg = Debug|Any CPU
		{93006242-569B-486F-9601-BE0F715BB3FA}.Debug|iOS.Build.0 = Debug|Any CPU
		{93006242-569B-486F-9601-BE0F715BB3FA}.Debug|Windows-AnyCPU.ActiveCfg = Debug|Any CPU
		{93006242-569B-486F-9601-BE0F715BB3FA}.Debug|Windows-AnyCPU.Build.0 = Debug|Any CPU
		{93006242-569B-486F-9601-BE0F715BB3FA}.Debug|Windows-ARM.ActiveCfg = Debug|Any CPU
		{93006242-569B-486F-9601-BE0F715BB3FA}.Debug|Windows-ARM.Build.0 = Debug|Any CPU
		{93006242-569B-486F-9601-BE0F715BB3FA}.Debug|Windows-x64.ActiveCfg = Debug|Any CPU
		{93006242-569B-486F-9601-BE0F715BB3FA}.Debug|Windows-x64.Build.0 = Debug|Any CPU
		{93006242-569B-486F-9601-BE0F715BB3FA}.Debug|Windows-x86.ActiveCfg = Debug|Any CPU
		{93006242-569B-486F-9601-BE0F715BB3FA}.Debug|Windows-x86.Build.0 = Debug|Any CPU
		{93006242-569B-486F-9601-BE0F715BB3FA}.Release|Android.ActiveCfg = Release|Any CPU
		{93006242-569B-486F-9601-BE0F715BB3FA}.Release|Android.Build.0 = Release|Any CPU
		{93006242-569B-486F-9601-BE0F715BB3FA}.Release|Any CPU.ActiveCfg = Release|Any CPU
		{93006242-569B-486F-9601-BE0F715BB3FA}.Release|Any CPU.Build.0 = Release|Any CPU
		{93006242-569B-486F-9601-BE0F715BB3FA}.Release|iOS.ActiveCfg = Release|Any CPU
		{93006242-569B-486F-9601-BE0F715BB3FA}.Release|iOS.Build.0 = Release|Any CPU
		{93006242-569B-486F-9601-BE0F715BB3FA}.Release|Windows-AnyCPU.ActiveCfg = Release|Any CPU
		{93006242-569B-486F-9601-BE0F715BB3FA}.Release|Windows-AnyCPU.Build.0 = Release|Any CPU
		{93006242-569B-486F-9601-BE0F715BB3FA}.Release|Windows-ARM.ActiveCfg = Release|Any CPU
		{93006242-569B-486F-9601-BE0F715BB3FA}.Release|Windows-ARM.Build.0 = Release|Any CPU
		{93006242-569B-486F-9601-BE0F715BB3FA}.Release|Windows-x64.ActiveCfg = Release|Any CPU
		{93006242-569B-486F-9601-BE0F715BB3FA}.Release|Windows-x64.Build.0 = Release|Any CPU
		{93006242-569B-486F-9601-BE0F715BB3FA}.Release|Windows-x86.ActiveCfg = Release|Any CPU
		{93006242-569B-486F-9601-BE0F715BB3FA}.Release|Windows-x86.Build.0 = Release|Any CPU
		{50503E16-7C0F-4CE5-92C2-9E2A0C3ACE33}.Debug|Android.ActiveCfg = Debug|Any CPU
		{50503E16-7C0F-4CE5-92C2-9E2A0C3ACE33}.Debug|Android.Build.0 = Debug|Any CPU
		{50503E16-7C0F-4CE5-92C2-9E2A0C3ACE33}.Debug|Any CPU.ActiveCfg = Debug|Any CPU
		{50503E16-7C0F-4CE5-92C2-9E2A0C3ACE33}.Debug|Any CPU.Build.0 = Debug|Any CPU
		{50503E16-7C0F-4CE5-92C2-9E2A0C3ACE33}.Debug|iOS.ActiveCfg = Debug|Any CPU
		{50503E16-7C0F-4CE5-92C2-9E2A0C3ACE33}.Debug|iOS.Build.0 = Debug|Any CPU
		{50503E16-7C0F-4CE5-92C2-9E2A0C3ACE33}.Debug|Windows-AnyCPU.ActiveCfg = Debug|Any CPU
		{50503E16-7C0F-4CE5-92C2-9E2A0C3ACE33}.Debug|Windows-AnyCPU.Build.0 = Debug|Any CPU
		{50503E16-7C0F-4CE5-92C2-9E2A0C3ACE33}.Debug|Windows-ARM.ActiveCfg = Debug|Any CPU
		{50503E16-7C0F-4CE5-92C2-9E2A0C3ACE33}.Debug|Windows-ARM.Build.0 = Debug|Any CPU
		{50503E16-7C0F-4CE5-92C2-9E2A0C3ACE33}.Debug|Windows-x64.ActiveCfg = Debug|Any CPU
		{50503E16-7C0F-4CE5-92C2-9E2A0C3ACE33}.Debug|Windows-x64.Build.0 = Debug|Any CPU
		{50503E16-7C0F-4CE5-92C2-9E2A0C3ACE33}.Debug|Windows-x86.ActiveCfg = Debug|Any CPU
		{50503E16-7C0F-4CE5-92C2-9E2A0C3ACE33}.Debug|Windows-x86.Build.0 = Debug|Any CPU
		{50503E16-7C0F-4CE5-92C2-9E2A0C3ACE33}.Release|Android.ActiveCfg = Release|Any CPU
		{50503E16-7C0F-4CE5-92C2-9E2A0C3ACE33}.Release|Android.Build.0 = Release|Any CPU
		{50503E16-7C0F-4CE5-92C2-9E2A0C3ACE33}.Release|Any CPU.ActiveCfg = Release|Any CPU
		{50503E16-7C0F-4CE5-92C2-9E2A0C3ACE33}.Release|Any CPU.Build.0 = Release|Any CPU
		{50503E16-7C0F-4CE5-92C2-9E2A0C3ACE33}.Release|iOS.ActiveCfg = Release|Any CPU
		{50503E16-7C0F-4CE5-92C2-9E2A0C3ACE33}.Release|iOS.Build.0 = Release|Any CPU
		{50503E16-7C0F-4CE5-92C2-9E2A0C3ACE33}.Release|Windows-AnyCPU.ActiveCfg = Release|Any CPU
		{50503E16-7C0F-4CE5-92C2-9E2A0C3ACE33}.Release|Windows-AnyCPU.Build.0 = Release|Any CPU
		{50503E16-7C0F-4CE5-92C2-9E2A0C3ACE33}.Release|Windows-ARM.ActiveCfg = Release|Any CPU
		{50503E16-7C0F-4CE5-92C2-9E2A0C3ACE33}.Release|Windows-ARM.Build.0 = Release|Any CPU
		{50503E16-7C0F-4CE5-92C2-9E2A0C3ACE33}.Release|Windows-x64.ActiveCfg = Release|Any CPU
		{50503E16-7C0F-4CE5-92C2-9E2A0C3ACE33}.Release|Windows-x64.Build.0 = Release|Any CPU
		{50503E16-7C0F-4CE5-92C2-9E2A0C3ACE33}.Release|Windows-x86.ActiveCfg = Release|Any CPU
		{50503E16-7C0F-4CE5-92C2-9E2A0C3ACE33}.Release|Windows-x86.Build.0 = Release|Any CPU
		{6F811EA1-9642-4A34-A7DF-7A30694DB870}.Debug|Android.ActiveCfg = Debug|Any CPU
		{6F811EA1-9642-4A34-A7DF-7A30694DB870}.Debug|Android.Build.0 = Debug|Any CPU
		{6F811EA1-9642-4A34-A7DF-7A30694DB870}.Debug|Any CPU.ActiveCfg = Debug|Any CPU
		{6F811EA1-9642-4A34-A7DF-7A30694DB870}.Debug|Any CPU.Build.0 = Debug|Any CPU
		{6F811EA1-9642-4A34-A7DF-7A30694DB870}.Debug|iOS.ActiveCfg = Debug|Any CPU
		{6F811EA1-9642-4A34-A7DF-7A30694DB870}.Debug|iOS.Build.0 = Debug|Any CPU
		{6F811EA1-9642-4A34-A7DF-7A30694DB870}.Debug|Windows-AnyCPU.ActiveCfg = Debug|Any CPU
		{6F811EA1-9642-4A34-A7DF-7A30694DB870}.Debug|Windows-AnyCPU.Build.0 = Debug|Any CPU
		{6F811EA1-9642-4A34-A7DF-7A30694DB870}.Debug|Windows-ARM.ActiveCfg = Debug|Any CPU
		{6F811EA1-9642-4A34-A7DF-7A30694DB870}.Debug|Windows-ARM.Build.0 = Debug|Any CPU
		{6F811EA1-9642-4A34-A7DF-7A30694DB870}.Debug|Windows-x64.ActiveCfg = Debug|Any CPU
		{6F811EA1-9642-4A34-A7DF-7A30694DB870}.Debug|Windows-x64.Build.0 = Debug|Any CPU
		{6F811EA1-9642-4A34-A7DF-7A30694DB870}.Debug|Windows-x86.ActiveCfg = Debug|Any CPU
		{6F811EA1-9642-4A34-A7DF-7A30694DB870}.Debug|Windows-x86.Build.0 = Debug|Any CPU
		{6F811EA1-9642-4A34-A7DF-7A30694DB870}.Release|Android.ActiveCfg = Release|Any CPU
		{6F811EA1-9642-4A34-A7DF-7A30694DB870}.Release|Android.Build.0 = Release|Any CPU
		{6F811EA1-9642-4A34-A7DF-7A30694DB870}.Release|Any CPU.ActiveCfg = Release|Any CPU
		{6F811EA1-9642-4A34-A7DF-7A30694DB870}.Release|Any CPU.Build.0 = Release|Any CPU
		{6F811EA1-9642-4A34-A7DF-7A30694DB870}.Release|iOS.ActiveCfg = Release|Any CPU
		{6F811EA1-9642-4A34-A7DF-7A30694DB870}.Release|iOS.Build.0 = Release|Any CPU
		{6F811EA1-9642-4A34-A7DF-7A30694DB870}.Release|Windows-AnyCPU.ActiveCfg = Release|Any CPU
		{6F811EA1-9642-4A34-A7DF-7A30694DB870}.Release|Windows-AnyCPU.Build.0 = Release|Any CPU
		{6F811EA1-9642-4A34-A7DF-7A30694DB870}.Release|Windows-ARM.ActiveCfg = Release|Any CPU
		{6F811EA1-9642-4A34-A7DF-7A30694DB870}.Release|Windows-ARM.Build.0 = Release|Any CPU
		{6F811EA1-9642-4A34-A7DF-7A30694DB870}.Release|Windows-x64.ActiveCfg = Release|Any CPU
		{6F811EA1-9642-4A34-A7DF-7A30694DB870}.Release|Windows-x64.Build.0 = Release|Any CPU
		{6F811EA1-9642-4A34-A7DF-7A30694DB870}.Release|Windows-x86.ActiveCfg = Release|Any CPU
		{6F811EA1-9642-4A34-A7DF-7A30694DB870}.Release|Windows-x86.Build.0 = Release|Any CPU
		{26148A63-47CC-4A3E-896D-12992A40A89A}.Debug|Android.ActiveCfg = Debug|Any CPU
		{26148A63-47CC-4A3E-896D-12992A40A89A}.Debug|Android.Build.0 = Debug|Any CPU
		{26148A63-47CC-4A3E-896D-12992A40A89A}.Debug|Any CPU.ActiveCfg = Debug|Any CPU
		{26148A63-47CC-4A3E-896D-12992A40A89A}.Debug|Any CPU.Build.0 = Debug|Any CPU
		{26148A63-47CC-4A3E-896D-12992A40A89A}.Debug|iOS.ActiveCfg = Debug|Any CPU
		{26148A63-47CC-4A3E-896D-12992A40A89A}.Debug|iOS.Build.0 = Debug|Any CPU
		{26148A63-47CC-4A3E-896D-12992A40A89A}.Debug|Windows-AnyCPU.ActiveCfg = Debug|Any CPU
		{26148A63-47CC-4A3E-896D-12992A40A89A}.Debug|Windows-AnyCPU.Build.0 = Debug|Any CPU
		{26148A63-47CC-4A3E-896D-12992A40A89A}.Debug|Windows-ARM.ActiveCfg = Debug|Any CPU
		{26148A63-47CC-4A3E-896D-12992A40A89A}.Debug|Windows-ARM.Build.0 = Debug|Any CPU
		{26148A63-47CC-4A3E-896D-12992A40A89A}.Debug|Windows-x64.ActiveCfg = Debug|Any CPU
		{26148A63-47CC-4A3E-896D-12992A40A89A}.Debug|Windows-x64.Build.0 = Debug|Any CPU
		{26148A63-47CC-4A3E-896D-12992A40A89A}.Debug|Windows-x86.ActiveCfg = Debug|Any CPU
		{26148A63-47CC-4A3E-896D-12992A40A89A}.Debug|Windows-x86.Build.0 = Debug|Any CPU
		{26148A63-47CC-4A3E-896D-12992A40A89A}.Release|Android.ActiveCfg = Release|Any CPU
		{26148A63-47CC-4A3E-896D-12992A40A89A}.Release|Android.Build.0 = Release|Any CPU
		{26148A63-47CC-4A3E-896D-12992A40A89A}.Release|Any CPU.ActiveCfg = Release|Any CPU
		{26148A63-47CC-4A3E-896D-12992A40A89A}.Release|Any CPU.Build.0 = Release|Any CPU
		{26148A63-47CC-4A3E-896D-12992A40A89A}.Release|iOS.ActiveCfg = Release|Any CPU
		{26148A63-47CC-4A3E-896D-12992A40A89A}.Release|iOS.Build.0 = Release|Any CPU
		{26148A63-47CC-4A3E-896D-12992A40A89A}.Release|Windows-AnyCPU.ActiveCfg = Release|Any CPU
		{26148A63-47CC-4A3E-896D-12992A40A89A}.Release|Windows-AnyCPU.Build.0 = Release|Any CPU
		{26148A63-47CC-4A3E-896D-12992A40A89A}.Release|Windows-ARM.ActiveCfg = Release|Any CPU
		{26148A63-47CC-4A3E-896D-12992A40A89A}.Release|Windows-ARM.Build.0 = Release|Any CPU
		{26148A63-47CC-4A3E-896D-12992A40A89A}.Release|Windows-x64.ActiveCfg = Release|Any CPU
		{26148A63-47CC-4A3E-896D-12992A40A89A}.Release|Windows-x64.Build.0 = Release|Any CPU
		{26148A63-47CC-4A3E-896D-12992A40A89A}.Release|Windows-x86.ActiveCfg = Release|Any CPU
		{26148A63-47CC-4A3E-896D-12992A40A89A}.Release|Windows-x86.Build.0 = Release|Any CPU
		{BB70C468-5D1E-45BF-AD19-DEFE48C973C6}.Debug|Android.ActiveCfg = Debug|Any CPU
		{BB70C468-5D1E-45BF-AD19-DEFE48C973C6}.Debug|Android.Build.0 = Debug|Any CPU
		{BB70C468-5D1E-45BF-AD19-DEFE48C973C6}.Debug|Any CPU.ActiveCfg = Debug|Any CPU
		{BB70C468-5D1E-45BF-AD19-DEFE48C973C6}.Debug|Any CPU.Build.0 = Debug|Any CPU
		{BB70C468-5D1E-45BF-AD19-DEFE48C973C6}.Debug|iOS.ActiveCfg = Debug|Any CPU
		{BB70C468-5D1E-45BF-AD19-DEFE48C973C6}.Debug|iOS.Build.0 = Debug|Any CPU
		{BB70C468-5D1E-45BF-AD19-DEFE48C973C6}.Debug|Windows-AnyCPU.ActiveCfg = Debug|Any CPU
		{BB70C468-5D1E-45BF-AD19-DEFE48C973C6}.Debug|Windows-AnyCPU.Build.0 = Debug|Any CPU
		{BB70C468-5D1E-45BF-AD19-DEFE48C973C6}.Debug|Windows-ARM.ActiveCfg = Debug|Any CPU
		{BB70C468-5D1E-45BF-AD19-DEFE48C973C6}.Debug|Windows-ARM.Build.0 = Debug|Any CPU
		{BB70C468-5D1E-45BF-AD19-DEFE48C973C6}.Debug|Windows-x64.ActiveCfg = Debug|Any CPU
		{BB70C468-5D1E-45BF-AD19-DEFE48C973C6}.Debug|Windows-x64.Build.0 = Debug|Any CPU
		{BB70C468-5D1E-45BF-AD19-DEFE48C973C6}.Debug|Windows-x86.ActiveCfg = Debug|Any CPU
		{BB70C468-5D1E-45BF-AD19-DEFE48C973C6}.Debug|Windows-x86.Build.0 = Debug|Any CPU
		{BB70C468-5D1E-45BF-AD19-DEFE48C973C6}.Release|Android.ActiveCfg = Release|Any CPU
		{BB70C468-5D1E-45BF-AD19-DEFE48C973C6}.Release|Android.Build.0 = Release|Any CPU
		{BB70C468-5D1E-45BF-AD19-DEFE48C973C6}.Release|Any CPU.ActiveCfg = Release|Any CPU
		{BB70C468-5D1E-45BF-AD19-DEFE48C973C6}.Release|Any CPU.Build.0 = Release|Any CPU
		{BB70C468-5D1E-45BF-AD19-DEFE48C973C6}.Release|iOS.ActiveCfg = Release|Any CPU
		{BB70C468-5D1E-45BF-AD19-DEFE48C973C6}.Release|iOS.Build.0 = Release|Any CPU
		{BB70C468-5D1E-45BF-AD19-DEFE48C973C6}.Release|Windows-AnyCPU.ActiveCfg = Release|Any CPU
		{BB70C468-5D1E-45BF-AD19-DEFE48C973C6}.Release|Windows-AnyCPU.Build.0 = Release|Any CPU
		{BB70C468-5D1E-45BF-AD19-DEFE48C973C6}.Release|Windows-ARM.ActiveCfg = Release|Any CPU
		{BB70C468-5D1E-45BF-AD19-DEFE48C973C6}.Release|Windows-ARM.Build.0 = Release|Any CPU
		{BB70C468-5D1E-45BF-AD19-DEFE48C973C6}.Release|Windows-x64.ActiveCfg = Release|Any CPU
		{BB70C468-5D1E-45BF-AD19-DEFE48C973C6}.Release|Windows-x64.Build.0 = Release|Any CPU
		{BB70C468-5D1E-45BF-AD19-DEFE48C973C6}.Release|Windows-x86.ActiveCfg = Release|Any CPU
		{BB70C468-5D1E-45BF-AD19-DEFE48C973C6}.Release|Windows-x86.Build.0 = Release|Any CPU
		{F2E74FB6-C669-42EE-8F32-2EF076A86C0B}.Debug|Android.ActiveCfg = Debug|Any CPU
		{F2E74FB6-C669-42EE-8F32-2EF076A86C0B}.Debug|Android.Build.0 = Debug|Any CPU
		{F2E74FB6-C669-42EE-8F32-2EF076A86C0B}.Debug|Any CPU.ActiveCfg = Debug|Any CPU
		{F2E74FB6-C669-42EE-8F32-2EF076A86C0B}.Debug|Any CPU.Build.0 = Debug|Any CPU
		{F2E74FB6-C669-42EE-8F32-2EF076A86C0B}.Debug|iOS.ActiveCfg = Debug|Any CPU
		{F2E74FB6-C669-42EE-8F32-2EF076A86C0B}.Debug|iOS.Build.0 = Debug|Any CPU
		{F2E74FB6-C669-42EE-8F32-2EF076A86C0B}.Debug|Windows-AnyCPU.ActiveCfg = Debug|Any CPU
		{F2E74FB6-C669-42EE-8F32-2EF076A86C0B}.Debug|Windows-AnyCPU.Build.0 = Debug|Any CPU
		{F2E74FB6-C669-42EE-8F32-2EF076A86C0B}.Debug|Windows-ARM.ActiveCfg = Debug|Any CPU
		{F2E74FB6-C669-42EE-8F32-2EF076A86C0B}.Debug|Windows-ARM.Build.0 = Debug|Any CPU
		{F2E74FB6-C669-42EE-8F32-2EF076A86C0B}.Debug|Windows-x64.ActiveCfg = Debug|Any CPU
		{F2E74FB6-C669-42EE-8F32-2EF076A86C0B}.Debug|Windows-x64.Build.0 = Debug|Any CPU
		{F2E74FB6-C669-42EE-8F32-2EF076A86C0B}.Debug|Windows-x86.ActiveCfg = Debug|Any CPU
		{F2E74FB6-C669-42EE-8F32-2EF076A86C0B}.Debug|Windows-x86.Build.0 = Debug|Any CPU
		{F2E74FB6-C669-42EE-8F32-2EF076A86C0B}.Release|Android.ActiveCfg = Release|Any CPU
		{F2E74FB6-C669-42EE-8F32-2EF076A86C0B}.Release|Android.Build.0 = Release|Any CPU
		{F2E74FB6-C669-42EE-8F32-2EF076A86C0B}.Release|Any CPU.ActiveCfg = Release|Any CPU
		{F2E74FB6-C669-42EE-8F32-2EF076A86C0B}.Release|Any CPU.Build.0 = Release|Any CPU
		{F2E74FB6-C669-42EE-8F32-2EF076A86C0B}.Release|iOS.ActiveCfg = Release|Any CPU
		{F2E74FB6-C669-42EE-8F32-2EF076A86C0B}.Release|iOS.Build.0 = Release|Any CPU
		{F2E74FB6-C669-42EE-8F32-2EF076A86C0B}.Release|Windows-AnyCPU.ActiveCfg = Release|Any CPU
		{F2E74FB6-C669-42EE-8F32-2EF076A86C0B}.Release|Windows-AnyCPU.Build.0 = Release|Any CPU
		{F2E74FB6-C669-42EE-8F32-2EF076A86C0B}.Release|Windows-ARM.ActiveCfg = Release|Any CPU
		{F2E74FB6-C669-42EE-8F32-2EF076A86C0B}.Release|Windows-ARM.Build.0 = Release|Any CPU
		{F2E74FB6-C669-42EE-8F32-2EF076A86C0B}.Release|Windows-x64.ActiveCfg = Release|Any CPU
		{F2E74FB6-C669-42EE-8F32-2EF076A86C0B}.Release|Windows-x64.Build.0 = Release|Any CPU
		{F2E74FB6-C669-42EE-8F32-2EF076A86C0B}.Release|Windows-x86.ActiveCfg = Release|Any CPU
		{F2E74FB6-C669-42EE-8F32-2EF076A86C0B}.Release|Windows-x86.Build.0 = Release|Any CPU
		{4A25AF88-3ECE-4471-B305-F1D3D788B21A}.Debug|Android.ActiveCfg = Debug|Any CPU
		{4A25AF88-3ECE-4471-B305-F1D3D788B21A}.Debug|Android.Build.0 = Debug|Any CPU
		{4A25AF88-3ECE-4471-B305-F1D3D788B21A}.Debug|Any CPU.ActiveCfg = Debug|Any CPU
		{4A25AF88-3ECE-4471-B305-F1D3D788B21A}.Debug|Any CPU.Build.0 = Debug|Any CPU
		{4A25AF88-3ECE-4471-B305-F1D3D788B21A}.Debug|iOS.ActiveCfg = Debug|Any CPU
		{4A25AF88-3ECE-4471-B305-F1D3D788B21A}.Debug|iOS.Build.0 = Debug|Any CPU
		{4A25AF88-3ECE-4471-B305-F1D3D788B21A}.Debug|Windows-AnyCPU.ActiveCfg = Debug|Any CPU
		{4A25AF88-3ECE-4471-B305-F1D3D788B21A}.Debug|Windows-AnyCPU.Build.0 = Debug|Any CPU
		{4A25AF88-3ECE-4471-B305-F1D3D788B21A}.Debug|Windows-ARM.ActiveCfg = Debug|Any CPU
		{4A25AF88-3ECE-4471-B305-F1D3D788B21A}.Debug|Windows-ARM.Build.0 = Debug|Any CPU
		{4A25AF88-3ECE-4471-B305-F1D3D788B21A}.Debug|Windows-x64.ActiveCfg = Debug|Any CPU
		{4A25AF88-3ECE-4471-B305-F1D3D788B21A}.Debug|Windows-x64.Build.0 = Debug|Any CPU
		{4A25AF88-3ECE-4471-B305-F1D3D788B21A}.Debug|Windows-x86.ActiveCfg = Debug|Any CPU
		{4A25AF88-3ECE-4471-B305-F1D3D788B21A}.Debug|Windows-x86.Build.0 = Debug|Any CPU
		{4A25AF88-3ECE-4471-B305-F1D3D788B21A}.Release|Android.ActiveCfg = Release|Any CPU
		{4A25AF88-3ECE-4471-B305-F1D3D788B21A}.Release|Android.Build.0 = Release|Any CPU
		{4A25AF88-3ECE-4471-B305-F1D3D788B21A}.Release|Any CPU.ActiveCfg = Release|Any CPU
		{4A25AF88-3ECE-4471-B305-F1D3D788B21A}.Release|Any CPU.Build.0 = Release|Any CPU
		{4A25AF88-3ECE-4471-B305-F1D3D788B21A}.Release|iOS.ActiveCfg = Release|Any CPU
		{4A25AF88-3ECE-4471-B305-F1D3D788B21A}.Release|iOS.Build.0 = Release|Any CPU
		{4A25AF88-3ECE-4471-B305-F1D3D788B21A}.Release|Windows-AnyCPU.ActiveCfg = Release|Any CPU
		{4A25AF88-3ECE-4471-B305-F1D3D788B21A}.Release|Windows-AnyCPU.Build.0 = Release|Any CPU
		{4A25AF88-3ECE-4471-B305-F1D3D788B21A}.Release|Windows-ARM.ActiveCfg = Release|Any CPU
		{4A25AF88-3ECE-4471-B305-F1D3D788B21A}.Release|Windows-ARM.Build.0 = Release|Any CPU
		{4A25AF88-3ECE-4471-B305-F1D3D788B21A}.Release|Windows-x64.ActiveCfg = Release|Any CPU
		{4A25AF88-3ECE-4471-B305-F1D3D788B21A}.Release|Windows-x64.Build.0 = Release|Any CPU
		{4A25AF88-3ECE-4471-B305-F1D3D788B21A}.Release|Windows-x86.ActiveCfg = Release|Any CPU
		{4A25AF88-3ECE-4471-B305-F1D3D788B21A}.Release|Windows-x86.Build.0 = Release|Any CPU
		{A9AC0F12-8BEF-456B-8339-DE284EE3DAA3}.Debug|Android.ActiveCfg = Debug|Any CPU
		{A9AC0F12-8BEF-456B-8339-DE284EE3DAA3}.Debug|Android.Build.0 = Debug|Any CPU
		{A9AC0F12-8BEF-456B-8339-DE284EE3DAA3}.Debug|Any CPU.ActiveCfg = Debug|Any CPU
		{A9AC0F12-8BEF-456B-8339-DE284EE3DAA3}.Debug|Any CPU.Build.0 = Debug|Any CPU
		{A9AC0F12-8BEF-456B-8339-DE284EE3DAA3}.Debug|iOS.ActiveCfg = Debug|Any CPU
		{A9AC0F12-8BEF-456B-8339-DE284EE3DAA3}.Debug|iOS.Build.0 = Debug|Any CPU
		{A9AC0F12-8BEF-456B-8339-DE284EE3DAA3}.Debug|Windows-AnyCPU.ActiveCfg = Debug|Any CPU
		{A9AC0F12-8BEF-456B-8339-DE284EE3DAA3}.Debug|Windows-AnyCPU.Build.0 = Debug|Any CPU
		{A9AC0F12-8BEF-456B-8339-DE284EE3DAA3}.Debug|Windows-ARM.ActiveCfg = Debug|Any CPU
		{A9AC0F12-8BEF-456B-8339-DE284EE3DAA3}.Debug|Windows-ARM.Build.0 = Debug|Any CPU
		{A9AC0F12-8BEF-456B-8339-DE284EE3DAA3}.Debug|Windows-x64.ActiveCfg = Debug|Any CPU
		{A9AC0F12-8BEF-456B-8339-DE284EE3DAA3}.Debug|Windows-x64.Build.0 = Debug|Any CPU
		{A9AC0F12-8BEF-456B-8339-DE284EE3DAA3}.Debug|Windows-x86.ActiveCfg = Debug|Any CPU
		{A9AC0F12-8BEF-456B-8339-DE284EE3DAA3}.Debug|Windows-x86.Build.0 = Debug|Any CPU
		{A9AC0F12-8BEF-456B-8339-DE284EE3DAA3}.Release|Android.ActiveCfg = Release|Any CPU
		{A9AC0F12-8BEF-456B-8339-DE284EE3DAA3}.Release|Android.Build.0 = Release|Any CPU
		{A9AC0F12-8BEF-456B-8339-DE284EE3DAA3}.Release|Any CPU.ActiveCfg = Release|Any CPU
		{A9AC0F12-8BEF-456B-8339-DE284EE3DAA3}.Release|Any CPU.Build.0 = Release|Any CPU
		{A9AC0F12-8BEF-456B-8339-DE284EE3DAA3}.Release|iOS.ActiveCfg = Release|Any CPU
		{A9AC0F12-8BEF-456B-8339-DE284EE3DAA3}.Release|iOS.Build.0 = Release|Any CPU
		{A9AC0F12-8BEF-456B-8339-DE284EE3DAA3}.Release|Windows-AnyCPU.ActiveCfg = Release|Any CPU
		{A9AC0F12-8BEF-456B-8339-DE284EE3DAA3}.Release|Windows-AnyCPU.Build.0 = Release|Any CPU
		{A9AC0F12-8BEF-456B-8339-DE284EE3DAA3}.Release|Windows-ARM.ActiveCfg = Release|Any CPU
		{A9AC0F12-8BEF-456B-8339-DE284EE3DAA3}.Release|Windows-ARM.Build.0 = Release|Any CPU
		{A9AC0F12-8BEF-456B-8339-DE284EE3DAA3}.Release|Windows-x64.ActiveCfg = Release|Any CPU
		{A9AC0F12-8BEF-456B-8339-DE284EE3DAA3}.Release|Windows-x64.Build.0 = Release|Any CPU
		{A9AC0F12-8BEF-456B-8339-DE284EE3DAA3}.Release|Windows-x86.ActiveCfg = Release|Any CPU
		{A9AC0F12-8BEF-456B-8339-DE284EE3DAA3}.Release|Windows-x86.Build.0 = Release|Any CPU
		{52C42049-09C6-47FB-A3A3-0EF835FC098E}.Debug|Android.ActiveCfg = Debug|Any CPU
		{52C42049-09C6-47FB-A3A3-0EF835FC098E}.Debug|Android.Build.0 = Debug|Any CPU
		{52C42049-09C6-47FB-A3A3-0EF835FC098E}.Debug|Any CPU.ActiveCfg = Debug|Any CPU
		{52C42049-09C6-47FB-A3A3-0EF835FC098E}.Debug|Any CPU.Build.0 = Debug|Any CPU
		{52C42049-09C6-47FB-A3A3-0EF835FC098E}.Debug|iOS.ActiveCfg = Debug|Any CPU
		{52C42049-09C6-47FB-A3A3-0EF835FC098E}.Debug|iOS.Build.0 = Debug|Any CPU
		{52C42049-09C6-47FB-A3A3-0EF835FC098E}.Debug|Windows-AnyCPU.ActiveCfg = Debug|Any CPU
		{52C42049-09C6-47FB-A3A3-0EF835FC098E}.Debug|Windows-AnyCPU.Build.0 = Debug|Any CPU
		{52C42049-09C6-47FB-A3A3-0EF835FC098E}.Debug|Windows-ARM.ActiveCfg = Debug|Any CPU
		{52C42049-09C6-47FB-A3A3-0EF835FC098E}.Debug|Windows-ARM.Build.0 = Debug|Any CPU
		{52C42049-09C6-47FB-A3A3-0EF835FC098E}.Debug|Windows-x64.ActiveCfg = Debug|Any CPU
		{52C42049-09C6-47FB-A3A3-0EF835FC098E}.Debug|Windows-x64.Build.0 = Debug|Any CPU
		{52C42049-09C6-47FB-A3A3-0EF835FC098E}.Debug|Windows-x86.ActiveCfg = Debug|Any CPU
		{52C42049-09C6-47FB-A3A3-0EF835FC098E}.Debug|Windows-x86.Build.0 = Debug|Any CPU
		{52C42049-09C6-47FB-A3A3-0EF835FC098E}.Release|Android.ActiveCfg = Release|Any CPU
		{52C42049-09C6-47FB-A3A3-0EF835FC098E}.Release|Android.Build.0 = Release|Any CPU
		{52C42049-09C6-47FB-A3A3-0EF835FC098E}.Release|Any CPU.ActiveCfg = Release|Any CPU
		{52C42049-09C6-47FB-A3A3-0EF835FC098E}.Release|Any CPU.Build.0 = Release|Any CPU
		{52C42049-09C6-47FB-A3A3-0EF835FC098E}.Release|iOS.ActiveCfg = Release|Any CPU
		{52C42049-09C6-47FB-A3A3-0EF835FC098E}.Release|iOS.Build.0 = Release|Any CPU
		{52C42049-09C6-47FB-A3A3-0EF835FC098E}.Release|Windows-AnyCPU.ActiveCfg = Release|Any CPU
		{52C42049-09C6-47FB-A3A3-0EF835FC098E}.Release|Windows-AnyCPU.Build.0 = Release|Any CPU
		{52C42049-09C6-47FB-A3A3-0EF835FC098E}.Release|Windows-ARM.ActiveCfg = Release|Any CPU
		{52C42049-09C6-47FB-A3A3-0EF835FC098E}.Release|Windows-ARM.Build.0 = Release|Any CPU
		{52C42049-09C6-47FB-A3A3-0EF835FC098E}.Release|Windows-x64.ActiveCfg = Release|Any CPU
		{52C42049-09C6-47FB-A3A3-0EF835FC098E}.Release|Windows-x64.Build.0 = Release|Any CPU
		{52C42049-09C6-47FB-A3A3-0EF835FC098E}.Release|Windows-x86.ActiveCfg = Release|Any CPU
		{52C42049-09C6-47FB-A3A3-0EF835FC098E}.Release|Windows-x86.Build.0 = Release|Any CPU
		{C966B501-2E60-4742-BA38-8617890D4756}.Debug|Android.ActiveCfg = Debug|Any CPU
		{C966B501-2E60-4742-BA38-8617890D4756}.Debug|Android.Build.0 = Debug|Any CPU
		{C966B501-2E60-4742-BA38-8617890D4756}.Debug|Any CPU.ActiveCfg = Debug|Any CPU
		{C966B501-2E60-4742-BA38-8617890D4756}.Debug|Any CPU.Build.0 = Debug|Any CPU
		{C966B501-2E60-4742-BA38-8617890D4756}.Debug|iOS.ActiveCfg = Debug|Any CPU
		{C966B501-2E60-4742-BA38-8617890D4756}.Debug|iOS.Build.0 = Debug|Any CPU
		{C966B501-2E60-4742-BA38-8617890D4756}.Debug|Windows-AnyCPU.ActiveCfg = Debug|Any CPU
		{C966B501-2E60-4742-BA38-8617890D4756}.Debug|Windows-AnyCPU.Build.0 = Debug|Any CPU
		{C966B501-2E60-4742-BA38-8617890D4756}.Debug|Windows-ARM.ActiveCfg = Debug|Any CPU
		{C966B501-2E60-4742-BA38-8617890D4756}.Debug|Windows-ARM.Build.0 = Debug|Any CPU
		{C966B501-2E60-4742-BA38-8617890D4756}.Debug|Windows-x64.ActiveCfg = Debug|Any CPU
		{C966B501-2E60-4742-BA38-8617890D4756}.Debug|Windows-x64.Build.0 = Debug|Any CPU
		{C966B501-2E60-4742-BA38-8617890D4756}.Debug|Windows-x86.ActiveCfg = Debug|Any CPU
		{C966B501-2E60-4742-BA38-8617890D4756}.Debug|Windows-x86.Build.0 = Debug|Any CPU
		{C966B501-2E60-4742-BA38-8617890D4756}.Release|Android.ActiveCfg = Release|Any CPU
		{C966B501-2E60-4742-BA38-8617890D4756}.Release|Android.Build.0 = Release|Any CPU
		{C966B501-2E60-4742-BA38-8617890D4756}.Release|Any CPU.ActiveCfg = Release|Any CPU
		{C966B501-2E60-4742-BA38-8617890D4756}.Release|Any CPU.Build.0 = Release|Any CPU
		{C966B501-2E60-4742-BA38-8617890D4756}.Release|iOS.ActiveCfg = Release|Any CPU
		{C966B501-2E60-4742-BA38-8617890D4756}.Release|iOS.Build.0 = Release|Any CPU
		{C966B501-2E60-4742-BA38-8617890D4756}.Release|Windows-AnyCPU.ActiveCfg = Release|Any CPU
		{C966B501-2E60-4742-BA38-8617890D4756}.Release|Windows-AnyCPU.Build.0 = Release|Any CPU
		{C966B501-2E60-4742-BA38-8617890D4756}.Release|Windows-ARM.ActiveCfg = Release|Any CPU
		{C966B501-2E60-4742-BA38-8617890D4756}.Release|Windows-ARM.Build.0 = Release|Any CPU
		{C966B501-2E60-4742-BA38-8617890D4756}.Release|Windows-x64.ActiveCfg = Release|Any CPU
		{C966B501-2E60-4742-BA38-8617890D4756}.Release|Windows-x64.Build.0 = Release|Any CPU
		{C966B501-2E60-4742-BA38-8617890D4756}.Release|Windows-x86.ActiveCfg = Release|Any CPU
		{C966B501-2E60-4742-BA38-8617890D4756}.Release|Windows-x86.Build.0 = Release|Any CPU
		{3DC1AF1E-9104-4550-9F46-3DA6BD69FB4D}.Debug|Android.ActiveCfg = Debug|Any CPU
		{3DC1AF1E-9104-4550-9F46-3DA6BD69FB4D}.Debug|Android.Build.0 = Debug|Any CPU
		{3DC1AF1E-9104-4550-9F46-3DA6BD69FB4D}.Debug|Any CPU.ActiveCfg = Debug|Any CPU
		{3DC1AF1E-9104-4550-9F46-3DA6BD69FB4D}.Debug|Any CPU.Build.0 = Debug|Any CPU
		{3DC1AF1E-9104-4550-9F46-3DA6BD69FB4D}.Debug|iOS.ActiveCfg = Debug|Any CPU
		{3DC1AF1E-9104-4550-9F46-3DA6BD69FB4D}.Debug|iOS.Build.0 = Debug|Any CPU
		{3DC1AF1E-9104-4550-9F46-3DA6BD69FB4D}.Debug|Windows-AnyCPU.ActiveCfg = Debug|Any CPU
		{3DC1AF1E-9104-4550-9F46-3DA6BD69FB4D}.Debug|Windows-AnyCPU.Build.0 = Debug|Any CPU
		{3DC1AF1E-9104-4550-9F46-3DA6BD69FB4D}.Debug|Windows-ARM.ActiveCfg = Debug|Any CPU
		{3DC1AF1E-9104-4550-9F46-3DA6BD69FB4D}.Debug|Windows-ARM.Build.0 = Debug|Any CPU
		{3DC1AF1E-9104-4550-9F46-3DA6BD69FB4D}.Debug|Windows-x64.ActiveCfg = Debug|Any CPU
		{3DC1AF1E-9104-4550-9F46-3DA6BD69FB4D}.Debug|Windows-x64.Build.0 = Debug|Any CPU
		{3DC1AF1E-9104-4550-9F46-3DA6BD69FB4D}.Debug|Windows-x86.ActiveCfg = Debug|Any CPU
		{3DC1AF1E-9104-4550-9F46-3DA6BD69FB4D}.Debug|Windows-x86.Build.0 = Debug|Any CPU
		{3DC1AF1E-9104-4550-9F46-3DA6BD69FB4D}.Release|Android.ActiveCfg = Release|Any CPU
		{3DC1AF1E-9104-4550-9F46-3DA6BD69FB4D}.Release|Android.Build.0 = Release|Any CPU
		{3DC1AF1E-9104-4550-9F46-3DA6BD69FB4D}.Release|Any CPU.ActiveCfg = Release|Any CPU
		{3DC1AF1E-9104-4550-9F46-3DA6BD69FB4D}.Release|Any CPU.Build.0 = Release|Any CPU
		{3DC1AF1E-9104-4550-9F46-3DA6BD69FB4D}.Release|iOS.ActiveCfg = Release|Any CPU
		{3DC1AF1E-9104-4550-9F46-3DA6BD69FB4D}.Release|iOS.Build.0 = Release|Any CPU
		{3DC1AF1E-9104-4550-9F46-3DA6BD69FB4D}.Release|Windows-AnyCPU.ActiveCfg = Release|Any CPU
		{3DC1AF1E-9104-4550-9F46-3DA6BD69FB4D}.Release|Windows-AnyCPU.Build.0 = Release|Any CPU
		{3DC1AF1E-9104-4550-9F46-3DA6BD69FB4D}.Release|Windows-ARM.ActiveCfg = Release|Any CPU
		{3DC1AF1E-9104-4550-9F46-3DA6BD69FB4D}.Release|Windows-ARM.Build.0 = Release|Any CPU
		{3DC1AF1E-9104-4550-9F46-3DA6BD69FB4D}.Release|Windows-x64.ActiveCfg = Release|Any CPU
		{3DC1AF1E-9104-4550-9F46-3DA6BD69FB4D}.Release|Windows-x64.Build.0 = Release|Any CPU
		{3DC1AF1E-9104-4550-9F46-3DA6BD69FB4D}.Release|Windows-x86.ActiveCfg = Release|Any CPU
		{3DC1AF1E-9104-4550-9F46-3DA6BD69FB4D}.Release|Windows-x86.Build.0 = Release|Any CPU
		{80D9E9B1-A001-4EC1-96CB-C0D720894EB7}.Debug|Android.ActiveCfg = Debug|Any CPU
		{80D9E9B1-A001-4EC1-96CB-C0D720894EB7}.Debug|Android.Build.0 = Debug|Any CPU
		{80D9E9B1-A001-4EC1-96CB-C0D720894EB7}.Debug|Any CPU.ActiveCfg = Debug|Any CPU
		{80D9E9B1-A001-4EC1-96CB-C0D720894EB7}.Debug|Any CPU.Build.0 = Debug|Any CPU
		{80D9E9B1-A001-4EC1-96CB-C0D720894EB7}.Debug|iOS.ActiveCfg = Debug|Any CPU
		{80D9E9B1-A001-4EC1-96CB-C0D720894EB7}.Debug|iOS.Build.0 = Debug|Any CPU
		{80D9E9B1-A001-4EC1-96CB-C0D720894EB7}.Debug|Windows-AnyCPU.ActiveCfg = Debug|Any CPU
		{80D9E9B1-A001-4EC1-96CB-C0D720894EB7}.Debug|Windows-AnyCPU.Build.0 = Debug|Any CPU
		{80D9E9B1-A001-4EC1-96CB-C0D720894EB7}.Debug|Windows-ARM.ActiveCfg = Debug|Any CPU
		{80D9E9B1-A001-4EC1-96CB-C0D720894EB7}.Debug|Windows-ARM.Build.0 = Debug|Any CPU
		{80D9E9B1-A001-4EC1-96CB-C0D720894EB7}.Debug|Windows-x64.ActiveCfg = Debug|Any CPU
		{80D9E9B1-A001-4EC1-96CB-C0D720894EB7}.Debug|Windows-x64.Build.0 = Debug|Any CPU
		{80D9E9B1-A001-4EC1-96CB-C0D720894EB7}.Debug|Windows-x86.ActiveCfg = Debug|Any CPU
		{80D9E9B1-A001-4EC1-96CB-C0D720894EB7}.Debug|Windows-x86.Build.0 = Debug|Any CPU
		{80D9E9B1-A001-4EC1-96CB-C0D720894EB7}.Release|Android.ActiveCfg = Release|Any CPU
		{80D9E9B1-A001-4EC1-96CB-C0D720894EB7}.Release|Android.Build.0 = Release|Any CPU
		{80D9E9B1-A001-4EC1-96CB-C0D720894EB7}.Release|Any CPU.ActiveCfg = Release|Any CPU
		{80D9E9B1-A001-4EC1-96CB-C0D720894EB7}.Release|Any CPU.Build.0 = Release|Any CPU
		{80D9E9B1-A001-4EC1-96CB-C0D720894EB7}.Release|iOS.ActiveCfg = Release|Any CPU
		{80D9E9B1-A001-4EC1-96CB-C0D720894EB7}.Release|iOS.Build.0 = Release|Any CPU
		{80D9E9B1-A001-4EC1-96CB-C0D720894EB7}.Release|Windows-AnyCPU.ActiveCfg = Release|Any CPU
		{80D9E9B1-A001-4EC1-96CB-C0D720894EB7}.Release|Windows-AnyCPU.Build.0 = Release|Any CPU
		{80D9E9B1-A001-4EC1-96CB-C0D720894EB7}.Release|Windows-ARM.ActiveCfg = Release|Any CPU
		{80D9E9B1-A001-4EC1-96CB-C0D720894EB7}.Release|Windows-ARM.Build.0 = Release|Any CPU
		{80D9E9B1-A001-4EC1-96CB-C0D720894EB7}.Release|Windows-x64.ActiveCfg = Release|Any CPU
		{80D9E9B1-A001-4EC1-96CB-C0D720894EB7}.Release|Windows-x64.Build.0 = Release|Any CPU
		{80D9E9B1-A001-4EC1-96CB-C0D720894EB7}.Release|Windows-x86.ActiveCfg = Release|Any CPU
		{80D9E9B1-A001-4EC1-96CB-C0D720894EB7}.Release|Windows-x86.Build.0 = Release|Any CPU
		{CB420909-7988-49B8-BABF-7D0C436F1858}.Debug|Android.ActiveCfg = Debug|Any CPU
		{CB420909-7988-49B8-BABF-7D0C436F1858}.Debug|Android.Build.0 = Debug|Any CPU
		{CB420909-7988-49B8-BABF-7D0C436F1858}.Debug|Any CPU.ActiveCfg = Debug|Any CPU
		{CB420909-7988-49B8-BABF-7D0C436F1858}.Debug|Any CPU.Build.0 = Debug|Any CPU
		{CB420909-7988-49B8-BABF-7D0C436F1858}.Debug|iOS.ActiveCfg = Debug|Any CPU
		{CB420909-7988-49B8-BABF-7D0C436F1858}.Debug|iOS.Build.0 = Debug|Any CPU
		{CB420909-7988-49B8-BABF-7D0C436F1858}.Debug|Windows-AnyCPU.ActiveCfg = Debug|Any CPU
		{CB420909-7988-49B8-BABF-7D0C436F1858}.Debug|Windows-AnyCPU.Build.0 = Debug|Any CPU
		{CB420909-7988-49B8-BABF-7D0C436F1858}.Debug|Windows-ARM.ActiveCfg = Debug|Any CPU
		{CB420909-7988-49B8-BABF-7D0C436F1858}.Debug|Windows-ARM.Build.0 = Debug|Any CPU
		{CB420909-7988-49B8-BABF-7D0C436F1858}.Debug|Windows-x64.ActiveCfg = Debug|Any CPU
		{CB420909-7988-49B8-BABF-7D0C436F1858}.Debug|Windows-x64.Build.0 = Debug|Any CPU
		{CB420909-7988-49B8-BABF-7D0C436F1858}.Debug|Windows-x86.ActiveCfg = Debug|Any CPU
		{CB420909-7988-49B8-BABF-7D0C436F1858}.Debug|Windows-x86.Build.0 = Debug|Any CPU
		{CB420909-7988-49B8-BABF-7D0C436F1858}.Release|Android.ActiveCfg = Release|Any CPU
		{CB420909-7988-49B8-BABF-7D0C436F1858}.Release|Android.Build.0 = Release|Any CPU
		{CB420909-7988-49B8-BABF-7D0C436F1858}.Release|Any CPU.ActiveCfg = Release|Any CPU
		{CB420909-7988-49B8-BABF-7D0C436F1858}.Release|Any CPU.Build.0 = Release|Any CPU
		{CB420909-7988-49B8-BABF-7D0C436F1858}.Release|iOS.ActiveCfg = Release|Any CPU
		{CB420909-7988-49B8-BABF-7D0C436F1858}.Release|iOS.Build.0 = Release|Any CPU
		{CB420909-7988-49B8-BABF-7D0C436F1858}.Release|Windows-AnyCPU.ActiveCfg = Release|Any CPU
		{CB420909-7988-49B8-BABF-7D0C436F1858}.Release|Windows-AnyCPU.Build.0 = Release|Any CPU
		{CB420909-7988-49B8-BABF-7D0C436F1858}.Release|Windows-ARM.ActiveCfg = Release|Any CPU
		{CB420909-7988-49B8-BABF-7D0C436F1858}.Release|Windows-ARM.Build.0 = Release|Any CPU
		{CB420909-7988-49B8-BABF-7D0C436F1858}.Release|Windows-x64.ActiveCfg = Release|Any CPU
		{CB420909-7988-49B8-BABF-7D0C436F1858}.Release|Windows-x64.Build.0 = Release|Any CPU
		{CB420909-7988-49B8-BABF-7D0C436F1858}.Release|Windows-x86.ActiveCfg = Release|Any CPU
		{CB420909-7988-49B8-BABF-7D0C436F1858}.Release|Windows-x86.Build.0 = Release|Any CPU
		{E1933E8C-1B27-4D75-8227-5CF5605ED885}.Debug|Android.ActiveCfg = Debug|Any CPU
		{E1933E8C-1B27-4D75-8227-5CF5605ED885}.Debug|Android.Build.0 = Debug|Any CPU
		{E1933E8C-1B27-4D75-8227-5CF5605ED885}.Debug|Any CPU.ActiveCfg = Debug|Any CPU
		{E1933E8C-1B27-4D75-8227-5CF5605ED885}.Debug|Any CPU.Build.0 = Debug|Any CPU
		{E1933E8C-1B27-4D75-8227-5CF5605ED885}.Debug|iOS.ActiveCfg = Debug|Any CPU
		{E1933E8C-1B27-4D75-8227-5CF5605ED885}.Debug|iOS.Build.0 = Debug|Any CPU
		{E1933E8C-1B27-4D75-8227-5CF5605ED885}.Debug|Windows-AnyCPU.ActiveCfg = Debug|Any CPU
		{E1933E8C-1B27-4D75-8227-5CF5605ED885}.Debug|Windows-AnyCPU.Build.0 = Debug|Any CPU
		{E1933E8C-1B27-4D75-8227-5CF5605ED885}.Debug|Windows-ARM.ActiveCfg = Debug|Any CPU
		{E1933E8C-1B27-4D75-8227-5CF5605ED885}.Debug|Windows-ARM.Build.0 = Debug|Any CPU
		{E1933E8C-1B27-4D75-8227-5CF5605ED885}.Debug|Windows-x64.ActiveCfg = Debug|Any CPU
		{E1933E8C-1B27-4D75-8227-5CF5605ED885}.Debug|Windows-x64.Build.0 = Debug|Any CPU
		{E1933E8C-1B27-4D75-8227-5CF5605ED885}.Debug|Windows-x86.ActiveCfg = Debug|Any CPU
		{E1933E8C-1B27-4D75-8227-5CF5605ED885}.Debug|Windows-x86.Build.0 = Debug|Any CPU
		{E1933E8C-1B27-4D75-8227-5CF5605ED885}.Release|Android.ActiveCfg = Release|Any CPU
		{E1933E8C-1B27-4D75-8227-5CF5605ED885}.Release|Android.Build.0 = Release|Any CPU
		{E1933E8C-1B27-4D75-8227-5CF5605ED885}.Release|Any CPU.ActiveCfg = Release|Any CPU
		{E1933E8C-1B27-4D75-8227-5CF5605ED885}.Release|Any CPU.Build.0 = Release|Any CPU
		{E1933E8C-1B27-4D75-8227-5CF5605ED885}.Release|iOS.ActiveCfg = Release|Any CPU
		{E1933E8C-1B27-4D75-8227-5CF5605ED885}.Release|iOS.Build.0 = Release|Any CPU
		{E1933E8C-1B27-4D75-8227-5CF5605ED885}.Release|Windows-AnyCPU.ActiveCfg = Release|Any CPU
		{E1933E8C-1B27-4D75-8227-5CF5605ED885}.Release|Windows-AnyCPU.Build.0 = Release|Any CPU
		{E1933E8C-1B27-4D75-8227-5CF5605ED885}.Release|Windows-ARM.ActiveCfg = Release|Any CPU
		{E1933E8C-1B27-4D75-8227-5CF5605ED885}.Release|Windows-ARM.Build.0 = Release|Any CPU
		{E1933E8C-1B27-4D75-8227-5CF5605ED885}.Release|Windows-x64.ActiveCfg = Release|Any CPU
		{E1933E8C-1B27-4D75-8227-5CF5605ED885}.Release|Windows-x64.Build.0 = Release|Any CPU
		{E1933E8C-1B27-4D75-8227-5CF5605ED885}.Release|Windows-x86.ActiveCfg = Release|Any CPU
		{E1933E8C-1B27-4D75-8227-5CF5605ED885}.Release|Windows-x86.Build.0 = Release|Any CPU
		{2ED671ED-34C9-473D-8276-BAE172226B59}.Debug|Android.ActiveCfg = Debug|Any CPU
		{2ED671ED-34C9-473D-8276-BAE172226B59}.Debug|Android.Build.0 = Debug|Any CPU
		{2ED671ED-34C9-473D-8276-BAE172226B59}.Debug|Any CPU.ActiveCfg = Debug|Any CPU
		{2ED671ED-34C9-473D-8276-BAE172226B59}.Debug|Any CPU.Build.0 = Debug|Any CPU
		{2ED671ED-34C9-473D-8276-BAE172226B59}.Debug|iOS.ActiveCfg = Debug|Any CPU
		{2ED671ED-34C9-473D-8276-BAE172226B59}.Debug|iOS.Build.0 = Debug|Any CPU
		{2ED671ED-34C9-473D-8276-BAE172226B59}.Debug|Windows-AnyCPU.ActiveCfg = Debug|Any CPU
		{2ED671ED-34C9-473D-8276-BAE172226B59}.Debug|Windows-AnyCPU.Build.0 = Debug|Any CPU
		{2ED671ED-34C9-473D-8276-BAE172226B59}.Debug|Windows-ARM.ActiveCfg = Debug|Any CPU
		{2ED671ED-34C9-473D-8276-BAE172226B59}.Debug|Windows-ARM.Build.0 = Debug|Any CPU
		{2ED671ED-34C9-473D-8276-BAE172226B59}.Debug|Windows-x64.ActiveCfg = Debug|Any CPU
		{2ED671ED-34C9-473D-8276-BAE172226B59}.Debug|Windows-x64.Build.0 = Debug|Any CPU
		{2ED671ED-34C9-473D-8276-BAE172226B59}.Debug|Windows-x86.ActiveCfg = Debug|Any CPU
		{2ED671ED-34C9-473D-8276-BAE172226B59}.Debug|Windows-x86.Build.0 = Debug|Any CPU
		{2ED671ED-34C9-473D-8276-BAE172226B59}.Release|Android.ActiveCfg = Release|Any CPU
		{2ED671ED-34C9-473D-8276-BAE172226B59}.Release|Android.Build.0 = Release|Any CPU
		{2ED671ED-34C9-473D-8276-BAE172226B59}.Release|Any CPU.ActiveCfg = Release|Any CPU
		{2ED671ED-34C9-473D-8276-BAE172226B59}.Release|Any CPU.Build.0 = Release|Any CPU
		{2ED671ED-34C9-473D-8276-BAE172226B59}.Release|iOS.ActiveCfg = Release|Any CPU
		{2ED671ED-34C9-473D-8276-BAE172226B59}.Release|iOS.Build.0 = Release|Any CPU
		{2ED671ED-34C9-473D-8276-BAE172226B59}.Release|Windows-AnyCPU.ActiveCfg = Release|Any CPU
		{2ED671ED-34C9-473D-8276-BAE172226B59}.Release|Windows-AnyCPU.Build.0 = Release|Any CPU
		{2ED671ED-34C9-473D-8276-BAE172226B59}.Release|Windows-ARM.ActiveCfg = Release|Any CPU
		{2ED671ED-34C9-473D-8276-BAE172226B59}.Release|Windows-ARM.Build.0 = Release|Any CPU
		{2ED671ED-34C9-473D-8276-BAE172226B59}.Release|Windows-x64.ActiveCfg = Release|Any CPU
		{2ED671ED-34C9-473D-8276-BAE172226B59}.Release|Windows-x64.Build.0 = Release|Any CPU
		{2ED671ED-34C9-473D-8276-BAE172226B59}.Release|Windows-x86.ActiveCfg = Release|Any CPU
		{2ED671ED-34C9-473D-8276-BAE172226B59}.Release|Windows-x86.Build.0 = Release|Any CPU
		{7D833C44-4B36-46E6-AF14-9785CB27BE7D}.Debug|Android.ActiveCfg = Debug|Any CPU
		{7D833C44-4B36-46E6-AF14-9785CB27BE7D}.Debug|Android.Build.0 = Debug|Any CPU
		{7D833C44-4B36-46E6-AF14-9785CB27BE7D}.Debug|Any CPU.ActiveCfg = Debug|Any CPU
		{7D833C44-4B36-46E6-AF14-9785CB27BE7D}.Debug|Any CPU.Build.0 = Debug|Any CPU
		{7D833C44-4B36-46E6-AF14-9785CB27BE7D}.Debug|iOS.ActiveCfg = Debug|Any CPU
		{7D833C44-4B36-46E6-AF14-9785CB27BE7D}.Debug|iOS.Build.0 = Debug|Any CPU
		{7D833C44-4B36-46E6-AF14-9785CB27BE7D}.Debug|Windows-AnyCPU.ActiveCfg = Debug|Any CPU
		{7D833C44-4B36-46E6-AF14-9785CB27BE7D}.Debug|Windows-AnyCPU.Build.0 = Debug|Any CPU
		{7D833C44-4B36-46E6-AF14-9785CB27BE7D}.Debug|Windows-ARM.ActiveCfg = Debug|Any CPU
		{7D833C44-4B36-46E6-AF14-9785CB27BE7D}.Debug|Windows-ARM.Build.0 = Debug|Any CPU
		{7D833C44-4B36-46E6-AF14-9785CB27BE7D}.Debug|Windows-x64.ActiveCfg = Debug|Any CPU
		{7D833C44-4B36-46E6-AF14-9785CB27BE7D}.Debug|Windows-x64.Build.0 = Debug|Any CPU
		{7D833C44-4B36-46E6-AF14-9785CB27BE7D}.Debug|Windows-x86.ActiveCfg = Debug|Any CPU
		{7D833C44-4B36-46E6-AF14-9785CB27BE7D}.Debug|Windows-x86.Build.0 = Debug|Any CPU
		{7D833C44-4B36-46E6-AF14-9785CB27BE7D}.Release|Android.ActiveCfg = Release|Any CPU
		{7D833C44-4B36-46E6-AF14-9785CB27BE7D}.Release|Android.Build.0 = Release|Any CPU
		{7D833C44-4B36-46E6-AF14-9785CB27BE7D}.Release|Any CPU.ActiveCfg = Release|Any CPU
		{7D833C44-4B36-46E6-AF14-9785CB27BE7D}.Release|Any CPU.Build.0 = Release|Any CPU
		{7D833C44-4B36-46E6-AF14-9785CB27BE7D}.Release|iOS.ActiveCfg = Release|Any CPU
		{7D833C44-4B36-46E6-AF14-9785CB27BE7D}.Release|iOS.Build.0 = Release|Any CPU
		{7D833C44-4B36-46E6-AF14-9785CB27BE7D}.Release|Windows-AnyCPU.ActiveCfg = Release|Any CPU
		{7D833C44-4B36-46E6-AF14-9785CB27BE7D}.Release|Windows-AnyCPU.Build.0 = Release|Any CPU
		{7D833C44-4B36-46E6-AF14-9785CB27BE7D}.Release|Windows-ARM.ActiveCfg = Release|Any CPU
		{7D833C44-4B36-46E6-AF14-9785CB27BE7D}.Release|Windows-ARM.Build.0 = Release|Any CPU
		{7D833C44-4B36-46E6-AF14-9785CB27BE7D}.Release|Windows-x64.ActiveCfg = Release|Any CPU
		{7D833C44-4B36-46E6-AF14-9785CB27BE7D}.Release|Windows-x64.Build.0 = Release|Any CPU
		{7D833C44-4B36-46E6-AF14-9785CB27BE7D}.Release|Windows-x86.ActiveCfg = Release|Any CPU
		{7D833C44-4B36-46E6-AF14-9785CB27BE7D}.Release|Windows-x86.Build.0 = Release|Any CPU
		{5E9A9A85-1181-4569-A950-B4DD90C7E01E}.Debug|Android.ActiveCfg = Debug|Any CPU
		{5E9A9A85-1181-4569-A950-B4DD90C7E01E}.Debug|Android.Build.0 = Debug|Any CPU
		{5E9A9A85-1181-4569-A950-B4DD90C7E01E}.Debug|Any CPU.ActiveCfg = Debug|Any CPU
		{5E9A9A85-1181-4569-A950-B4DD90C7E01E}.Debug|Any CPU.Build.0 = Debug|Any CPU
		{5E9A9A85-1181-4569-A950-B4DD90C7E01E}.Debug|iOS.ActiveCfg = Debug|Any CPU
		{5E9A9A85-1181-4569-A950-B4DD90C7E01E}.Debug|iOS.Build.0 = Debug|Any CPU
		{5E9A9A85-1181-4569-A950-B4DD90C7E01E}.Debug|Windows-AnyCPU.ActiveCfg = Debug|Any CPU
		{5E9A9A85-1181-4569-A950-B4DD90C7E01E}.Debug|Windows-AnyCPU.Build.0 = Debug|Any CPU
		{5E9A9A85-1181-4569-A950-B4DD90C7E01E}.Debug|Windows-ARM.ActiveCfg = Debug|Any CPU
		{5E9A9A85-1181-4569-A950-B4DD90C7E01E}.Debug|Windows-ARM.Build.0 = Debug|Any CPU
		{5E9A9A85-1181-4569-A950-B4DD90C7E01E}.Debug|Windows-x64.ActiveCfg = Debug|Any CPU
		{5E9A9A85-1181-4569-A950-B4DD90C7E01E}.Debug|Windows-x64.Build.0 = Debug|Any CPU
		{5E9A9A85-1181-4569-A950-B4DD90C7E01E}.Debug|Windows-x86.ActiveCfg = Debug|Any CPU
		{5E9A9A85-1181-4569-A950-B4DD90C7E01E}.Debug|Windows-x86.Build.0 = Debug|Any CPU
		{5E9A9A85-1181-4569-A950-B4DD90C7E01E}.Release|Android.ActiveCfg = Release|Any CPU
		{5E9A9A85-1181-4569-A950-B4DD90C7E01E}.Release|Android.Build.0 = Release|Any CPU
		{5E9A9A85-1181-4569-A950-B4DD90C7E01E}.Release|Any CPU.ActiveCfg = Release|Any CPU
		{5E9A9A85-1181-4569-A950-B4DD90C7E01E}.Release|Any CPU.Build.0 = Release|Any CPU
		{5E9A9A85-1181-4569-A950-B4DD90C7E01E}.Release|iOS.ActiveCfg = Release|Any CPU
		{5E9A9A85-1181-4569-A950-B4DD90C7E01E}.Release|iOS.Build.0 = Release|Any CPU
		{5E9A9A85-1181-4569-A950-B4DD90C7E01E}.Release|Windows-AnyCPU.ActiveCfg = Release|Any CPU
		{5E9A9A85-1181-4569-A950-B4DD90C7E01E}.Release|Windows-AnyCPU.Build.0 = Release|Any CPU
		{5E9A9A85-1181-4569-A950-B4DD90C7E01E}.Release|Windows-ARM.ActiveCfg = Release|Any CPU
		{5E9A9A85-1181-4569-A950-B4DD90C7E01E}.Release|Windows-ARM.Build.0 = Release|Any CPU
		{5E9A9A85-1181-4569-A950-B4DD90C7E01E}.Release|Windows-x64.ActiveCfg = Release|Any CPU
		{5E9A9A85-1181-4569-A950-B4DD90C7E01E}.Release|Windows-x64.Build.0 = Release|Any CPU
		{5E9A9A85-1181-4569-A950-B4DD90C7E01E}.Release|Windows-x86.ActiveCfg = Release|Any CPU
		{5E9A9A85-1181-4569-A950-B4DD90C7E01E}.Release|Windows-x86.Build.0 = Release|Any CPU
		{A33CFE01-2009-434C-830F-F891B7FD9BA1}.Debug|Android.ActiveCfg = Debug|Any CPU
		{A33CFE01-2009-434C-830F-F891B7FD9BA1}.Debug|Android.Build.0 = Debug|Any CPU
		{A33CFE01-2009-434C-830F-F891B7FD9BA1}.Debug|Any CPU.ActiveCfg = Debug|Any CPU
		{A33CFE01-2009-434C-830F-F891B7FD9BA1}.Debug|Any CPU.Build.0 = Debug|Any CPU
		{A33CFE01-2009-434C-830F-F891B7FD9BA1}.Debug|iOS.ActiveCfg = Debug|Any CPU
		{A33CFE01-2009-434C-830F-F891B7FD9BA1}.Debug|iOS.Build.0 = Debug|Any CPU
		{A33CFE01-2009-434C-830F-F891B7FD9BA1}.Debug|Windows-AnyCPU.ActiveCfg = Debug|Any CPU
		{A33CFE01-2009-434C-830F-F891B7FD9BA1}.Debug|Windows-AnyCPU.Build.0 = Debug|Any CPU
		{A33CFE01-2009-434C-830F-F891B7FD9BA1}.Debug|Windows-ARM.ActiveCfg = Debug|Any CPU
		{A33CFE01-2009-434C-830F-F891B7FD9BA1}.Debug|Windows-ARM.Build.0 = Debug|Any CPU
		{A33CFE01-2009-434C-830F-F891B7FD9BA1}.Debug|Windows-x64.ActiveCfg = Debug|Any CPU
		{A33CFE01-2009-434C-830F-F891B7FD9BA1}.Debug|Windows-x64.Build.0 = Debug|Any CPU
		{A33CFE01-2009-434C-830F-F891B7FD9BA1}.Debug|Windows-x86.ActiveCfg = Debug|Any CPU
		{A33CFE01-2009-434C-830F-F891B7FD9BA1}.Debug|Windows-x86.Build.0 = Debug|Any CPU
		{A33CFE01-2009-434C-830F-F891B7FD9BA1}.Release|Android.ActiveCfg = Release|Any CPU
		{A33CFE01-2009-434C-830F-F891B7FD9BA1}.Release|Android.Build.0 = Release|Any CPU
		{A33CFE01-2009-434C-830F-F891B7FD9BA1}.Release|Any CPU.ActiveCfg = Release|Any CPU
		{A33CFE01-2009-434C-830F-F891B7FD9BA1}.Release|Any CPU.Build.0 = Release|Any CPU
		{A33CFE01-2009-434C-830F-F891B7FD9BA1}.Release|iOS.ActiveCfg = Release|Any CPU
		{A33CFE01-2009-434C-830F-F891B7FD9BA1}.Release|iOS.Build.0 = Release|Any CPU
		{A33CFE01-2009-434C-830F-F891B7FD9BA1}.Release|Windows-AnyCPU.ActiveCfg = Release|Any CPU
		{A33CFE01-2009-434C-830F-F891B7FD9BA1}.Release|Windows-AnyCPU.Build.0 = Release|Any CPU
		{A33CFE01-2009-434C-830F-F891B7FD9BA1}.Release|Windows-ARM.ActiveCfg = Release|Any CPU
		{A33CFE01-2009-434C-830F-F891B7FD9BA1}.Release|Windows-ARM.Build.0 = Release|Any CPU
		{A33CFE01-2009-434C-830F-F891B7FD9BA1}.Release|Windows-x64.ActiveCfg = Release|Any CPU
		{A33CFE01-2009-434C-830F-F891B7FD9BA1}.Release|Windows-x64.Build.0 = Release|Any CPU
		{A33CFE01-2009-434C-830F-F891B7FD9BA1}.Release|Windows-x86.ActiveCfg = Release|Any CPU
		{A33CFE01-2009-434C-830F-F891B7FD9BA1}.Release|Windows-x86.Build.0 = Release|Any CPU
		{EB466F7F-2B60-4143-A5A3-43A7EB8E81C2}.Debug|Android.ActiveCfg = Debug|Any CPU
		{EB466F7F-2B60-4143-A5A3-43A7EB8E81C2}.Debug|Android.Build.0 = Debug|Any CPU
		{EB466F7F-2B60-4143-A5A3-43A7EB8E81C2}.Debug|Any CPU.ActiveCfg = Debug|Any CPU
		{EB466F7F-2B60-4143-A5A3-43A7EB8E81C2}.Debug|Any CPU.Build.0 = Debug|Any CPU
		{EB466F7F-2B60-4143-A5A3-43A7EB8E81C2}.Debug|iOS.ActiveCfg = Debug|Any CPU
		{EB466F7F-2B60-4143-A5A3-43A7EB8E81C2}.Debug|iOS.Build.0 = Debug|Any CPU
		{EB466F7F-2B60-4143-A5A3-43A7EB8E81C2}.Debug|Windows-AnyCPU.ActiveCfg = Debug|Any CPU
		{EB466F7F-2B60-4143-A5A3-43A7EB8E81C2}.Debug|Windows-AnyCPU.Build.0 = Debug|Any CPU
		{EB466F7F-2B60-4143-A5A3-43A7EB8E81C2}.Debug|Windows-ARM.ActiveCfg = Debug|Any CPU
		{EB466F7F-2B60-4143-A5A3-43A7EB8E81C2}.Debug|Windows-ARM.Build.0 = Debug|Any CPU
		{EB466F7F-2B60-4143-A5A3-43A7EB8E81C2}.Debug|Windows-x64.ActiveCfg = Debug|Any CPU
		{EB466F7F-2B60-4143-A5A3-43A7EB8E81C2}.Debug|Windows-x64.Build.0 = Debug|Any CPU
		{EB466F7F-2B60-4143-A5A3-43A7EB8E81C2}.Debug|Windows-x86.ActiveCfg = Debug|Any CPU
		{EB466F7F-2B60-4143-A5A3-43A7EB8E81C2}.Debug|Windows-x86.Build.0 = Debug|Any CPU
		{EB466F7F-2B60-4143-A5A3-43A7EB8E81C2}.Release|Android.ActiveCfg = Release|Any CPU
		{EB466F7F-2B60-4143-A5A3-43A7EB8E81C2}.Release|Android.Build.0 = Release|Any CPU
		{EB466F7F-2B60-4143-A5A3-43A7EB8E81C2}.Release|Any CPU.ActiveCfg = Release|Any CPU
		{EB466F7F-2B60-4143-A5A3-43A7EB8E81C2}.Release|Any CPU.Build.0 = Release|Any CPU
		{EB466F7F-2B60-4143-A5A3-43A7EB8E81C2}.Release|iOS.ActiveCfg = Release|Any CPU
		{EB466F7F-2B60-4143-A5A3-43A7EB8E81C2}.Release|iOS.Build.0 = Release|Any CPU
		{EB466F7F-2B60-4143-A5A3-43A7EB8E81C2}.Release|Windows-AnyCPU.ActiveCfg = Release|Any CPU
		{EB466F7F-2B60-4143-A5A3-43A7EB8E81C2}.Release|Windows-AnyCPU.Build.0 = Release|Any CPU
		{EB466F7F-2B60-4143-A5A3-43A7EB8E81C2}.Release|Windows-ARM.ActiveCfg = Release|Any CPU
		{EB466F7F-2B60-4143-A5A3-43A7EB8E81C2}.Release|Windows-ARM.Build.0 = Release|Any CPU
		{EB466F7F-2B60-4143-A5A3-43A7EB8E81C2}.Release|Windows-x64.ActiveCfg = Release|Any CPU
		{EB466F7F-2B60-4143-A5A3-43A7EB8E81C2}.Release|Windows-x64.Build.0 = Release|Any CPU
		{EB466F7F-2B60-4143-A5A3-43A7EB8E81C2}.Release|Windows-x86.ActiveCfg = Release|Any CPU
		{EB466F7F-2B60-4143-A5A3-43A7EB8E81C2}.Release|Windows-x86.Build.0 = Release|Any CPU
		{C566782B-2791-4BAF-8002-BA134DE80C12}.Debug|Android.ActiveCfg = Debug|Any CPU
		{C566782B-2791-4BAF-8002-BA134DE80C12}.Debug|Android.Build.0 = Debug|Any CPU
		{C566782B-2791-4BAF-8002-BA134DE80C12}.Debug|Any CPU.ActiveCfg = Debug|Any CPU
		{C566782B-2791-4BAF-8002-BA134DE80C12}.Debug|Any CPU.Build.0 = Debug|Any CPU
		{C566782B-2791-4BAF-8002-BA134DE80C12}.Debug|iOS.ActiveCfg = Debug|Any CPU
		{C566782B-2791-4BAF-8002-BA134DE80C12}.Debug|iOS.Build.0 = Debug|Any CPU
		{C566782B-2791-4BAF-8002-BA134DE80C12}.Debug|Windows-AnyCPU.ActiveCfg = Debug|Any CPU
		{C566782B-2791-4BAF-8002-BA134DE80C12}.Debug|Windows-AnyCPU.Build.0 = Debug|Any CPU
		{C566782B-2791-4BAF-8002-BA134DE80C12}.Debug|Windows-ARM.ActiveCfg = Debug|Any CPU
		{C566782B-2791-4BAF-8002-BA134DE80C12}.Debug|Windows-ARM.Build.0 = Debug|Any CPU
		{C566782B-2791-4BAF-8002-BA134DE80C12}.Debug|Windows-x64.ActiveCfg = Debug|Any CPU
		{C566782B-2791-4BAF-8002-BA134DE80C12}.Debug|Windows-x64.Build.0 = Debug|Any CPU
		{C566782B-2791-4BAF-8002-BA134DE80C12}.Debug|Windows-x86.ActiveCfg = Debug|Any CPU
		{C566782B-2791-4BAF-8002-BA134DE80C12}.Debug|Windows-x86.Build.0 = Debug|Any CPU
		{C566782B-2791-4BAF-8002-BA134DE80C12}.Release|Android.ActiveCfg = Release|Any CPU
		{C566782B-2791-4BAF-8002-BA134DE80C12}.Release|Android.Build.0 = Release|Any CPU
		{C566782B-2791-4BAF-8002-BA134DE80C12}.Release|Any CPU.ActiveCfg = Release|Any CPU
		{C566782B-2791-4BAF-8002-BA134DE80C12}.Release|Any CPU.Build.0 = Release|Any CPU
		{C566782B-2791-4BAF-8002-BA134DE80C12}.Release|iOS.ActiveCfg = Release|Any CPU
		{C566782B-2791-4BAF-8002-BA134DE80C12}.Release|iOS.Build.0 = Release|Any CPU
		{C566782B-2791-4BAF-8002-BA134DE80C12}.Release|Windows-AnyCPU.ActiveCfg = Release|Any CPU
		{C566782B-2791-4BAF-8002-BA134DE80C12}.Release|Windows-AnyCPU.Build.0 = Release|Any CPU
		{C566782B-2791-4BAF-8002-BA134DE80C12}.Release|Windows-ARM.ActiveCfg = Release|Any CPU
		{C566782B-2791-4BAF-8002-BA134DE80C12}.Release|Windows-ARM.Build.0 = Release|Any CPU
		{C566782B-2791-4BAF-8002-BA134DE80C12}.Release|Windows-x64.ActiveCfg = Release|Any CPU
		{C566782B-2791-4BAF-8002-BA134DE80C12}.Release|Windows-x64.Build.0 = Release|Any CPU
		{C566782B-2791-4BAF-8002-BA134DE80C12}.Release|Windows-x86.ActiveCfg = Release|Any CPU
		{C566782B-2791-4BAF-8002-BA134DE80C12}.Release|Windows-x86.Build.0 = Release|Any CPU
		{63405DB7-75DE-404C-8F7F-DFCD8D1BFBC3}.Debug|Android.ActiveCfg = Debug|Any CPU
		{63405DB7-75DE-404C-8F7F-DFCD8D1BFBC3}.Debug|Android.Build.0 = Debug|Any CPU
		{63405DB7-75DE-404C-8F7F-DFCD8D1BFBC3}.Debug|Any CPU.ActiveCfg = Debug|Any CPU
		{63405DB7-75DE-404C-8F7F-DFCD8D1BFBC3}.Debug|Any CPU.Build.0 = Debug|Any CPU
		{63405DB7-75DE-404C-8F7F-DFCD8D1BFBC3}.Debug|iOS.ActiveCfg = Debug|Any CPU
		{63405DB7-75DE-404C-8F7F-DFCD8D1BFBC3}.Debug|iOS.Build.0 = Debug|Any CPU
		{63405DB7-75DE-404C-8F7F-DFCD8D1BFBC3}.Debug|Windows-AnyCPU.ActiveCfg = Debug|Any CPU
		{63405DB7-75DE-404C-8F7F-DFCD8D1BFBC3}.Debug|Windows-AnyCPU.Build.0 = Debug|Any CPU
		{63405DB7-75DE-404C-8F7F-DFCD8D1BFBC3}.Debug|Windows-ARM.ActiveCfg = Debug|Any CPU
		{63405DB7-75DE-404C-8F7F-DFCD8D1BFBC3}.Debug|Windows-ARM.Build.0 = Debug|Any CPU
		{63405DB7-75DE-404C-8F7F-DFCD8D1BFBC3}.Debug|Windows-x64.ActiveCfg = Debug|Any CPU
		{63405DB7-75DE-404C-8F7F-DFCD8D1BFBC3}.Debug|Windows-x64.Build.0 = Debug|Any CPU
		{63405DB7-75DE-404C-8F7F-DFCD8D1BFBC3}.Debug|Windows-x86.ActiveCfg = Debug|Any CPU
		{63405DB7-75DE-404C-8F7F-DFCD8D1BFBC3}.Debug|Windows-x86.Build.0 = Debug|Any CPU
		{63405DB7-75DE-404C-8F7F-DFCD8D1BFBC3}.Release|Android.ActiveCfg = Release|Any CPU
		{63405DB7-75DE-404C-8F7F-DFCD8D1BFBC3}.Release|Android.Build.0 = Release|Any CPU
		{63405DB7-75DE-404C-8F7F-DFCD8D1BFBC3}.Release|Any CPU.ActiveCfg = Release|Any CPU
		{63405DB7-75DE-404C-8F7F-DFCD8D1BFBC3}.Release|Any CPU.Build.0 = Release|Any CPU
		{63405DB7-75DE-404C-8F7F-DFCD8D1BFBC3}.Release|iOS.ActiveCfg = Release|Any CPU
		{63405DB7-75DE-404C-8F7F-DFCD8D1BFBC3}.Release|iOS.Build.0 = Release|Any CPU
		{63405DB7-75DE-404C-8F7F-DFCD8D1BFBC3}.Release|Windows-AnyCPU.ActiveCfg = Release|Any CPU
		{63405DB7-75DE-404C-8F7F-DFCD8D1BFBC3}.Release|Windows-AnyCPU.Build.0 = Release|Any CPU
		{63405DB7-75DE-404C-8F7F-DFCD8D1BFBC3}.Release|Windows-ARM.ActiveCfg = Release|Any CPU
		{63405DB7-75DE-404C-8F7F-DFCD8D1BFBC3}.Release|Windows-ARM.Build.0 = Release|Any CPU
		{63405DB7-75DE-404C-8F7F-DFCD8D1BFBC3}.Release|Windows-x64.ActiveCfg = Release|Any CPU
		{63405DB7-75DE-404C-8F7F-DFCD8D1BFBC3}.Release|Windows-x64.Build.0 = Release|Any CPU
		{63405DB7-75DE-404C-8F7F-DFCD8D1BFBC3}.Release|Windows-x86.ActiveCfg = Release|Any CPU
		{63405DB7-75DE-404C-8F7F-DFCD8D1BFBC3}.Release|Windows-x86.Build.0 = Release|Any CPU
		{688BDD79-0808-4B8E-8FCB-7D6FB6227C67}.Debug|Android.ActiveCfg = Debug|Android
		{688BDD79-0808-4B8E-8FCB-7D6FB6227C67}.Debug|Android.Build.0 = Debug|Android
		{688BDD79-0808-4B8E-8FCB-7D6FB6227C67}.Debug|Android.Deploy.0 = Debug|Android
		{688BDD79-0808-4B8E-8FCB-7D6FB6227C67}.Debug|Any CPU.ActiveCfg = Debug|Android
		{688BDD79-0808-4B8E-8FCB-7D6FB6227C67}.Debug|iOS.ActiveCfg = Debug|iOS
		{688BDD79-0808-4B8E-8FCB-7D6FB6227C67}.Debug|iOS.Build.0 = Debug|iOS
		{688BDD79-0808-4B8E-8FCB-7D6FB6227C67}.Debug|iOS.Deploy.0 = Debug|iOS
		{688BDD79-0808-4B8E-8FCB-7D6FB6227C67}.Debug|Windows-AnyCPU.ActiveCfg = Debug|Windows-ARM
		{688BDD79-0808-4B8E-8FCB-7D6FB6227C67}.Debug|Windows-ARM.ActiveCfg = Debug|Windows-ARM
		{688BDD79-0808-4B8E-8FCB-7D6FB6227C67}.Debug|Windows-ARM.Build.0 = Debug|Windows-ARM
		{688BDD79-0808-4B8E-8FCB-7D6FB6227C67}.Debug|Windows-ARM.Deploy.0 = Debug|Windows-ARM
		{688BDD79-0808-4B8E-8FCB-7D6FB6227C67}.Debug|Windows-x64.ActiveCfg = Debug|Windows-x64
		{688BDD79-0808-4B8E-8FCB-7D6FB6227C67}.Debug|Windows-x64.Build.0 = Debug|Windows-x64
		{688BDD79-0808-4B8E-8FCB-7D6FB6227C67}.Debug|Windows-x64.Deploy.0 = Debug|Windows-x64
		{688BDD79-0808-4B8E-8FCB-7D6FB6227C67}.Debug|Windows-x86.ActiveCfg = Debug|Windows-x86
		{688BDD79-0808-4B8E-8FCB-7D6FB6227C67}.Debug|Windows-x86.Build.0 = Debug|Windows-x86
		{688BDD79-0808-4B8E-8FCB-7D6FB6227C67}.Debug|Windows-x86.Deploy.0 = Debug|Windows-x86
		{688BDD79-0808-4B8E-8FCB-7D6FB6227C67}.Release|Android.ActiveCfg = Release|Android
		{688BDD79-0808-4B8E-8FCB-7D6FB6227C67}.Release|Android.Build.0 = Release|Android
		{688BDD79-0808-4B8E-8FCB-7D6FB6227C67}.Release|Android.Deploy.0 = Release|Android
		{688BDD79-0808-4B8E-8FCB-7D6FB6227C67}.Release|Any CPU.ActiveCfg = Release|Android
		{688BDD79-0808-4B8E-8FCB-7D6FB6227C67}.Release|iOS.ActiveCfg = Release|iOS
		{688BDD79-0808-4B8E-8FCB-7D6FB6227C67}.Release|iOS.Build.0 = Release|iOS
		{688BDD79-0808-4B8E-8FCB-7D6FB6227C67}.Release|iOS.Deploy.0 = Release|iOS
		{688BDD79-0808-4B8E-8FCB-7D6FB6227C67}.Release|Windows-AnyCPU.ActiveCfg = Release|Windows-ARM
		{688BDD79-0808-4B8E-8FCB-7D6FB6227C67}.Release|Windows-ARM.ActiveCfg = Release|Windows-ARM
		{688BDD79-0808-4B8E-8FCB-7D6FB6227C67}.Release|Windows-ARM.Build.0 = Release|Windows-ARM
		{688BDD79-0808-4B8E-8FCB-7D6FB6227C67}.Release|Windows-ARM.Deploy.0 = Release|Windows-ARM
		{688BDD79-0808-4B8E-8FCB-7D6FB6227C67}.Release|Windows-x64.ActiveCfg = Release|Windows-x64
		{688BDD79-0808-4B8E-8FCB-7D6FB6227C67}.Release|Windows-x64.Build.0 = Release|Windows-x64
		{688BDD79-0808-4B8E-8FCB-7D6FB6227C67}.Release|Windows-x64.Deploy.0 = Release|Windows-x64
		{688BDD79-0808-4B8E-8FCB-7D6FB6227C67}.Release|Windows-x86.ActiveCfg = Release|Windows-x86
		{688BDD79-0808-4B8E-8FCB-7D6FB6227C67}.Release|Windows-x86.Build.0 = Release|Windows-x86
		{688BDD79-0808-4B8E-8FCB-7D6FB6227C67}.Release|Windows-x86.Deploy.0 = Release|Windows-x86
		{AA595776-D4C6-4FC7-B37A-26CF8BED3040}.Debug|Android.ActiveCfg = Debug|Android
		{AA595776-D4C6-4FC7-B37A-26CF8BED3040}.Debug|Android.Build.0 = Debug|Android
		{AA595776-D4C6-4FC7-B37A-26CF8BED3040}.Debug|Android.Deploy.0 = Debug|Android
		{AA595776-D4C6-4FC7-B37A-26CF8BED3040}.Debug|Any CPU.ActiveCfg = Debug|Android
		{AA595776-D4C6-4FC7-B37A-26CF8BED3040}.Debug|iOS.ActiveCfg = Debug|iOS
		{AA595776-D4C6-4FC7-B37A-26CF8BED3040}.Debug|iOS.Build.0 = Debug|iOS
		{AA595776-D4C6-4FC7-B37A-26CF8BED3040}.Debug|iOS.Deploy.0 = Debug|iOS
		{AA595776-D4C6-4FC7-B37A-26CF8BED3040}.Debug|Windows-AnyCPU.ActiveCfg = Debug|Windows-AnyCPU
		{AA595776-D4C6-4FC7-B37A-26CF8BED3040}.Debug|Windows-AnyCPU.Build.0 = Debug|Windows-AnyCPU
		{AA595776-D4C6-4FC7-B37A-26CF8BED3040}.Debug|Windows-AnyCPU.Deploy.0 = Debug|Windows-AnyCPU
		{AA595776-D4C6-4FC7-B37A-26CF8BED3040}.Debug|Windows-ARM.ActiveCfg = Debug|Windows-ARM
		{AA595776-D4C6-4FC7-B37A-26CF8BED3040}.Debug|Windows-ARM.Build.0 = Debug|Windows-ARM
		{AA595776-D4C6-4FC7-B37A-26CF8BED3040}.Debug|Windows-ARM.Deploy.0 = Debug|Windows-ARM
		{AA595776-D4C6-4FC7-B37A-26CF8BED3040}.Debug|Windows-x64.ActiveCfg = Debug|Windows-x64
		{AA595776-D4C6-4FC7-B37A-26CF8BED3040}.Debug|Windows-x64.Build.0 = Debug|Windows-x64
		{AA595776-D4C6-4FC7-B37A-26CF8BED3040}.Debug|Windows-x64.Deploy.0 = Debug|Windows-x64
		{AA595776-D4C6-4FC7-B37A-26CF8BED3040}.Debug|Windows-x86.ActiveCfg = Debug|Windows-x86
		{AA595776-D4C6-4FC7-B37A-26CF8BED3040}.Debug|Windows-x86.Build.0 = Debug|Windows-x86
		{AA595776-D4C6-4FC7-B37A-26CF8BED3040}.Debug|Windows-x86.Deploy.0 = Debug|Windows-x86
		{AA595776-D4C6-4FC7-B37A-26CF8BED3040}.Release|Android.ActiveCfg = Release|Android
		{AA595776-D4C6-4FC7-B37A-26CF8BED3040}.Release|Android.Build.0 = Release|Android
		{AA595776-D4C6-4FC7-B37A-26CF8BED3040}.Release|Android.Deploy.0 = Release|Android
		{AA595776-D4C6-4FC7-B37A-26CF8BED3040}.Release|Any CPU.ActiveCfg = Release|Android
		{AA595776-D4C6-4FC7-B37A-26CF8BED3040}.Release|iOS.ActiveCfg = Release|iOS
		{AA595776-D4C6-4FC7-B37A-26CF8BED3040}.Release|iOS.Build.0 = Release|iOS
		{AA595776-D4C6-4FC7-B37A-26CF8BED3040}.Release|iOS.Deploy.0 = Release|iOS
		{AA595776-D4C6-4FC7-B37A-26CF8BED3040}.Release|Windows-AnyCPU.ActiveCfg = Release|Windows-AnyCPU
		{AA595776-D4C6-4FC7-B37A-26CF8BED3040}.Release|Windows-AnyCPU.Build.0 = Release|Windows-AnyCPU
		{AA595776-D4C6-4FC7-B37A-26CF8BED3040}.Release|Windows-AnyCPU.Deploy.0 = Release|Windows-AnyCPU
		{AA595776-D4C6-4FC7-B37A-26CF8BED3040}.Release|Windows-ARM.ActiveCfg = Release|Windows-ARM
		{AA595776-D4C6-4FC7-B37A-26CF8BED3040}.Release|Windows-ARM.Build.0 = Release|Windows-ARM
		{AA595776-D4C6-4FC7-B37A-26CF8BED3040}.Release|Windows-ARM.Deploy.0 = Release|Windows-ARM
		{AA595776-D4C6-4FC7-B37A-26CF8BED3040}.Release|Windows-x64.ActiveCfg = Release|Windows-x64
		{AA595776-D4C6-4FC7-B37A-26CF8BED3040}.Release|Windows-x64.Build.0 = Release|Windows-x64
		{AA595776-D4C6-4FC7-B37A-26CF8BED3040}.Release|Windows-x64.Deploy.0 = Release|Windows-x64
		{AA595776-D4C6-4FC7-B37A-26CF8BED3040}.Release|Windows-x86.ActiveCfg = Release|Windows-x86
		{AA595776-D4C6-4FC7-B37A-26CF8BED3040}.Release|Windows-x86.Build.0 = Release|Windows-x86
		{AA595776-D4C6-4FC7-B37A-26CF8BED3040}.Release|Windows-x86.Deploy.0 = Release|Windows-x86
	EndGlobalSection
	GlobalSection(SolutionProperties) = preSolution
		HideSolutionNode = FALSE
	EndGlobalSection
	GlobalSection(ExtensibilityGlobals) = postSolution
		SolutionGuid = {44C68769-8918-4602-8DF0-7EE3671A0296}
	EndGlobalSection
EndGlobal
